<?xml version="1.0" encoding="utf-8"?>
<Project ToolsVersion="4.0" xmlns="http://schemas.microsoft.com/developer/msbuild/2003">
  <ItemGroup>
    <ClCompile Include="..\Source\BECurl.cpp" />
    <ClCompile Include="..\Source\BEFileMakerPlugin.cpp" />
    <ClCompile Include="..\Source\BEFileSystem.cpp" />
    <ClCompile Include="..\Source\BEMessageDigest.cpp" />
    <ClCompile Include="..\Source\BEPlugin.cpp" />
    <ClCompile Include="..\Source\BEPluginFunctions.cpp" />
    <ClCompile Include="..\Source\BEPluginUtilities.cpp" />
    <ClCompile Include="..\Source\BEShell.cpp" />
    <ClCompile Include="..\Source\BEWinFunctions.cpp" />
    <ClCompile Include="..\Source\BEWStringVector.cpp" />
    <ClCompile Include="..\Source\BEXSLT.cpp" />
    <ClCompile Include="..\Source\minizip\ioapi.c">
      <Filter>MiniZip</Filter>
    </ClCompile>
    <ClCompile Include="..\Source\minizip\iowin32.c">
      <Filter>MiniZip</Filter>
    </ClCompile>
    <ClCompile Include="..\Source\minizip\mztools.c">
      <Filter>MiniZip</Filter>
    </ClCompile>
    <ClCompile Include="..\Source\minizip\unzip.c">
      <Filter>MiniZip</Filter>
    </ClCompile>
    <ClCompile Include="..\Source\minizip\zip.c">
      <Filter>MiniZip</Filter>
    </ClCompile>
    <ClCompile Include="..\Source\BEZlib.cpp" />
    <ClCompile Include="..\Source\BESQLCommand.cpp" />
    <ClCompile Include="..\Source\BEXMLReader.cpp" />
    <ClCompile Include="..\Source\BEXMLReaderInterface.cpp" />
    <ClCompile Include="..\Source\BEXMLTextReader.cpp" />
    <ClCompile Include="..\Source\BEXMLTextWriter.cpp" />
    <ClCompile Include="..\Source\BETime.cpp" />
    <ClCompile Include="..\Source\BEJSON.cpp" />
    <ClCompile Include="..\Source\BEOAuth.cpp" />
    <ClCompile Include="..\Source\BECppUtilities.cpp" />
    <ClCompile Include="..\Source\BEValueList.cpp" />
    <ClCompile Include="..\Source\BECurlOption.cpp" />
    <ClCompile Include="..\Source\BEFileTextReader.cpp" />
    <ClCompile Include="..\Source\BEXero.cpp" />
  </ItemGroup>
  <ItemGroup>
    <ClInclude Include="..\Resources\Resource.h" />
    <ClInclude Include="..\Source\BECurl.h" />
    <ClInclude Include="..\Source\BEFileMakerPlugin.h" />
    <ClInclude Include="..\Source\BEFileSystem.h" />
    <ClInclude Include="..\Source\BEMessageDigest.h" />
    <ClInclude Include="..\Source\BEPluginFunctions.h" />
    <ClInclude Include="..\Source\BEPluginGlobalDefines.h" />
    <ClInclude Include="..\Source\BEPluginUtilities.h" />
    <ClInclude Include="..\Source\BEShell.h" />
    <ClInclude Include="..\Source\BEWinFunctions.h" />
    <ClInclude Include="..\Source\BEWStringVector.h" />
    <ClInclude Include="..\Source\BEXSLT.h" />
    <ClInclude Include="..\Source\minizip\crypt.h">
      <Filter>MiniZip</Filter>
    </ClInclude>
    <ClInclude Include="..\Source\minizip\ioapi.h">
      <Filter>MiniZip</Filter>
    </ClInclude>
    <ClInclude Include="..\Source\minizip\iowin32.h">
      <Filter>MiniZip</Filter>
    </ClInclude>
    <ClInclude Include="..\Source\minizip\mztools.h">
      <Filter>MiniZip</Filter>
    </ClInclude>
    <ClInclude Include="..\Source\minizip\unzip.h">
      <Filter>MiniZip</Filter>
    </ClInclude>
    <ClInclude Include="..\Source\minizip\zip.h">
      <Filter>MiniZip</Filter>
    </ClInclude>
    <ClInclude Include="..\Source\BEZlib.h" />
    <ClInclude Include="..\Source\BE_Boost_FileSystem_Additions.hpp" />
    <ClInclude Include="..\Source\BESQLCommand.h" />
    <ClInclude Include="..\Source\BEXMLReader.h" />
    <ClInclude Include="..\Source\BEXMLReaderInterface.h" />
    <ClInclude Include="..\Source\BEXMLTextReader.h" />
    <ClInclude Include="..\Source\BEXMLTextWriter.h" />
    <ClInclude Include="..\Source\BETime.h" />
    <ClInclude Include="..\Source\BEJSON.h" />
    <ClInclude Include="..\Source\BEOAuth.h" />
    <ClInclude Include="..\Source\BECppUtilities.h" />
    <ClInclude Include="..\Source\BEValueList.h" />
    <ClInclude Include="..\Source\BECurlOption.h" />
    <ClInclude Include="..\Source\BEFileTextReader.h" />
    <ClInclude Include="..\Source\BEXero.h" />
  </ItemGroup>
  <ItemGroup>
    <ResourceCompile Include="..\Resources\BaseElements.rc" />
  </ItemGroup>
  <ItemGroup>
    <Filter Include="MiniZip">
      <UniqueIdentifier>{08bd3377-4dd4-4ca1-ad40-674b73fa7a04}</UniqueIdentifier>
    </Filter>
  </ItemGroup>
</Project>