<?xml version="1.0" encoding="UTF-8" standalone="yes" ?>
<CodeBlocks_project_file>
	<FileVersion major="1" minor="6" />
	<Project>
		<Option title="BaseElements" />
		<Option platforms="Unix;" />
		<Option compiler="clang" />
		<Build>
			<Target title="Debug">
				<Option platforms="Unix;" />
				<Option output="/opt/FileMaker/FileMaker Server/Database Server/Extensions/BaseElements.fmx" prefix_auto="0" extension_auto="0" />
				<Option object_output="~/Documents/CodeBlocks/BaseElements/Build/obj/Debug/" />
				<Option type="3" />
				<Option compiler="clang" />
				<Option createDefFile="1" />
				<Option createStaticLib="1" />
				<Compiler>
					<Add option="-g" />
				</Compiler>
			</Target>
			<Target title="Release">
				<Option output="/opt/FileMaker/FileMaker Server/Database Server/Extensions/BaseElements.fmx" prefix_auto="0" extension_auto="0" />
				<Option object_output="~/Documents/CodeBlocks/BaseElements/Build/obj/Release/" />
				<Option type="3" />
				<Option compiler="clang" />
				<Option createDefFile="1" />
				<Option createStaticLib="1" />
				<Compiler>
					<Add option="-O2" />
				</Compiler>
				<Linker>
					<Add option="-s" />
				</Linker>
			</Target>
			<Target title="PRO Debug">
				<Option platforms="Unix;" />
				<Option output="/opt/FileMaker/FileMaker Server/Database Server/Extensions/BaseElements.fmx" prefix_auto="0" extension_auto="0" />
				<Option object_output="~/Documents/CodeBlocks/BaseElements/Build/obj/Debug/" />
				<Option type="3" />
				<Option compiler="clang" />
				<Option createDefFile="1" />
				<Option createStaticLib="1" />
				<Compiler>
					<Add option="-g" />
					<Add option="-DBEP_PRO_VERSION=1" />
				</Compiler>
			</Target>
			<Target title="PRO Release">
				<Option output="/opt/FileMaker/FileMaker Server/Database Server/Extensions/BaseElements.fmx" prefix_auto="0" extension_auto="0" />
				<Option object_output="~/Documents/CodeBlocks/BaseElements/Build/obj/Release/" />
				<Option type="3" />
				<Option compiler="clang" />
				<Option createDefFile="1" />
				<Option createStaticLib="1" />
				<Compiler>
					<Add option="-O2" />
					<Add option="-DBEP_PRO_VERSION=1" />
				</Compiler>
				<Linker>
					<Add option="-s" />
				</Linker>
			</Target>
		</Build>
		<Compiler>
			<Add option="-fPIC" />
			<Add option="-m64" />
			<Add option="-Wall" />
			<Add option="-std=c++20" />
			<Add option="-std=c11" />
			<Add option="-fexceptions" />
			<Add option="-Wno-unknown-pragmas" />
			<Add option="-fvisibility=hidden" />
			<Add option="-D_LIBCPP_STD_VER=17" />
			<Add directory="../Headers" />
			<Add directory="../Source" />
			<Add directory="../Headers/ImageMagick-7" />
		</Compiler>
		<Linker>
			<Add option="-m64" />
			<Add option="-Wl,-soname=5.1.0" />
			<Add option="-Wl,--exclude-libs,ALL" />
			<Add option="-Wl,--no-undefined" />
			<Add option="-Wl,-rpath=/opt/FileMaker/lib" />
			<Add library="FMWrapper" />
			<Add library="libMagick++-7.Q16HDRI.a" />
			<Add library="libMagickCore-7.Q16HDRI.a" />
			<Add library="libMagickWand-7.Q16HDRI.a" />
			<Add library="libboost_atomic.a" />
			<Add library="libboost_date_time.a" />
			<Add library="libboost_program_options.a" />
			<Add library="libboost_filesystem.a" />
			<Add library="libboost_regex.a" />
			<Add library="libboost_thread.a" />
			<Add library="libnghttp2.a" />
			<Add library="libcurl.a" />
			<Add library="libssh2.a" />
			<Add library="libssl.a" />
			<Add library="libcrypto.a" />
			<Add library="libxslt.a" />
			<Add library="libexslt.a" />
			<Add library="libxml2.a" />
			<Add library="libturbojpeg.a" />
			<Add library="libPocoNet.a" />
			<Add library="libPocoJSON.a" />
			<Add library="libPocoZip.a" />
			<Add library="libPocoXML.a" />
			<Add library="libPocoUtil.a" />
			<Add library="libPocoPDF.a" />
			<Add library="libPocoCrypto.a" />
			<Add library="libPocoFoundation.a" />
			<Add library="libpodofo.a" />
			<Add library="libfontconfig.a" />
			<Add library="libfreetype.a" />
			<Add library="libiconv.a" />
			<Add library="libheif.a" />
			<Add library="libde265.a" />
			<Add library="libjpeg.a" />
			<Add library="libpng16.a" />
			<Add library="libz.a" />
			<Add library="libjq.a" />
			<Add library="libopenjp2.a" />
			<Add library="libcharset.a" />
			<Add library="libexpat.a" />
			<Add library="libunistring.a" />
			<Add library="/usr/lib/x86_64-linux-gnu/libuuid.so.1" />
			<Add library="dl" />
			<Add library="pthread" />
			<Add library="m" />
			<Add directory="../Libraries/linux" />
		</Linker>
		<ExtraCommands>
			<Add before="#/usr/bin/mkdir -p /opt/FileMaker/lib/" />
			<Add before="#cp ../Libraries/linux/libFMWrapper.so /opt/FileMaker/lib/" />
			<Add after='chown -f fmserver:fmsadmin  &quot;/opt/FileMaker/FileMaker Server/Database Server/Extensions/BaseElements.fmx&quot;' />
			<Add after='#cp &quot;/opt/FileMaker/FileMaker Server/Database Server/Extensions/BaseElements.fmx&quot; ~/Desktop/' />
			<Mode after="always" />
		</ExtraCommands>
		<Unit filename="../Headers/FMWrapper/FMXBinaryData.h">
			<Option target="&lt;{~None~}&gt;" />
		</Unit>
		<Unit filename="../Headers/FMWrapper/FMXCalcEngine.h">
			<Option target="&lt;{~None~}&gt;" />
		</Unit>
		<Unit filename="../Headers/FMWrapper/FMXClient.h">
			<Option target="&lt;{~None~}&gt;" />
		</Unit>
		<Unit filename="../Headers/FMWrapper/FMXData.h">
			<Option target="&lt;{~None~}&gt;" />
		</Unit>
		<Unit filename="../Headers/FMWrapper/FMXDateTime.h">
			<Option target="&lt;{~None~}&gt;" />
		</Unit>
		<Unit filename="../Headers/FMWrapper/FMXExtern.h">
			<Option target="&lt;{~None~}&gt;" />
		</Unit>
		<Unit filename="../Headers/FMWrapper/FMXFixPt.h">
			<Option target="&lt;{~None~}&gt;" />
		</Unit>
		<Unit filename="../Headers/FMWrapper/FMXText.h">
			<Option target="&lt;{~None~}&gt;" />
		</Unit>
		<Unit filename="../Headers/FMWrapper/FMXTextStyle.h">
			<Option target="&lt;{~None~}&gt;" />
		</Unit>
		<Unit filename="../Headers/FMWrapper/FMXTypes.h">
			<Option target="&lt;{~None~}&gt;" />
		</Unit>
		<Unit filename="../Source/BECppUtilities.cpp" />
		<Unit filename="../Source/BEDebugInformation.cpp" />
		<Unit filename="../Source/BEFileMakerPlugin.cpp" />
		<Unit filename="../Source/BEFileSystem.cpp" />
		<Unit filename="../Source/BEFileTextReader.cpp" />
		<Unit filename="../Source/BEJSON.cpp" />
		<Unit filename="../Source/BEJavaScript.cpp" />
		<Unit filename="../Source/BEPDF.cpp" />
		<Unit filename="../Source/BEPlugin.cpp" />
		<Unit filename="../Source/BEPluginFunctions.cpp" />
		<Unit filename="../Source/BEPluginUtilities.cpp" />
		<Unit filename="../Source/BEQuadChar.cpp" />
		<Unit filename="../Source/BESQLCommand.cpp" />
		<Unit filename="../Source/BESystemCommand.cpp" />
		<Unit filename="../Source/BETask.cpp" />
		<Unit filename="../Source/BETask.h" />
		<Unit filename="../Source/BETime.cpp" />
		<Unit filename="../Source/BEXMLReader.cpp" />
		<Unit filename="../Source/BEXMLReaderInterface.cpp" />
		<Unit filename="../Source/BEXMLSchema.cpp" />
		<Unit filename="../Source/BEXMLTextReader.cpp" />
		<Unit filename="../Source/BEXMLTextWriter.cpp" />
		<Unit filename="../Source/BEXSLT.cpp" />
		<Unit filename="../Source/BEZlib.cpp" />
		<Unit filename="../Source/Crypto/BEBase64.cpp" />
		<Unit filename="../Source/Crypto/BEMessageDigest.cpp" />
		<Unit filename="../Source/Crypto/BEOpenSSLAES.cpp" />
		<Unit filename="../Source/Crypto/BEOpenSSLRSA.cpp" />
		<Unit filename="../Source/Crypto/BEOpenSSLRSA.h" />
		<Unit filename="../Source/Images/BEImage.cpp" />
		<Unit filename="../Source/Images/BEJPEG.cpp" />
		<Unit filename="../Source/Net/BECurl.cpp" />
		<Unit filename="../Source/Net/BECurlOption.cpp" />
		<Unit filename="../Source/Net/BEMailRecipient.cpp" />
		<Unit filename="../Source/Net/BEMimeticMIMEEntity.h" />
		<Unit filename="../Source/Net/BESMTP.cpp" />
		<Unit filename="../Source/Net/BESMTPContainerAttachments.cpp" />
		<Unit filename="../Source/Net/BESMTPEmailMessage.cpp" />
		<Unit filename="../Source/duktape/duktape.c">
			<Option compilerVar="CC" />
			<Option compiler="clang" use="1" buildCommand="$compiler $options -std=gnu11 $includes -c $file -o $object" />
		</Unit>
		<Unit filename="../Source/linux/BELinuxFunctions.cpp" />
		<Extensions>
			<lib_finder disable_auto="1" />
		</Extensions>
	</Project>
</CodeBlocks_project_file>
