
Microsoft Visual Studio Solution File, Format Version 12.00
# Visual Studio Version 16
VisualStudioVersion = 16.0.32126.315
MinimumVisualStudioVersion = 10.0.40219.1
Project("{8BC9CEB8-8B4A-11D0-8D11-00A0C91BC942}") = "BaseElements", "BaseElements.vcxproj", "{646553B8-5F11-4EB7-8AFE-29B5AC598E93}"
EndProject
Global
	GlobalSection(SolutionConfigurationPlatforms) = preSolution
		Debug|x64 = Debug|x64
		PRO Debug|x64 = PRO Debug|x64
		PRO Release|x64 = PRO Release|x64
		Release|x64 = Release|x64
	EndGlobalSection
	GlobalSection(ProjectConfigurationPlatforms) = postSolution
		{646553B8-5F11-4EB7-8AFE-29B5AC598E93}.Debug|x64.ActiveCfg = Debug|x64
		{646553B8-5F11-4EB7-8AFE-29B5AC598E93}.Debug|x64.Build.0 = Debug|x64
		{646553B8-5F11-4EB7-8AFE-29B5AC598E93}.PRO Debug|x64.ActiveCfg = PRO Debug|x64
		{646553B8-5F11-4EB7-8AFE-29B5AC598E93}.PRO Debug|x64.Build.0 = PRO Debug|x64
		{646553B8-5F11-4EB7-8AFE-29B5AC598E93}.PRO Release|x64.ActiveCfg = PRO Release|x64
		{646553B8-5F11-4EB7-8AFE-29B5AC598E93}.PRO Release|x64.Build.0 = PRO Release|x64
		{646553B8-5F11-4EB7-8AFE-29B5AC598E93}.Release|x64.ActiveCfg = Release|x64
		{646553B8-5F11-4EB7-8AFE-29B5AC598E93}.Release|x64.Build.0 = Release|x64
	EndGlobalSection
	GlobalSection(SolutionProperties) = preSolution
		HideSolutionNode = FALSE
	EndGlobalSection
	GlobalSection(ExtensibilityGlobals) = postSolution
		SolutionGuid = {64E746A4-1C80-4339-8511-DD7C0D9B5845}
	EndGlobalSection
	GlobalSection(SubversionScc) = preSolution
		Svn-Managed = True
		Manager = AnkhSVN - Subversion Support for Visual Studio
	EndGlobalSection
EndGlobal
