// !$*UTF8*$!
{
	archiveVersion = 1;
	classes = {
	};
	objectVersion = 46;
	objects = {

/* Begin PBXBuildFile section */
		4D0023E413FDD64C00C0B57A /* BEShell.cpp in Sources */ = {isa = PBXBuildFile; fileRef = 4D0023E213FDD64C00C0B57A /* BEShell.cpp */; };
		4D10AD951484202000814440 /* BESQLCommand.cpp in Sources */ = {isa = PBXBuildFile; fileRef = 4D10AD931484202000814440 /* BESQLCommand.cpp */; };
		4D156AE3135D8BC2001A249B /* BEMessageDigest.cpp in Sources */ = {isa = PBXBuildFile; fileRef = 4D156AE2135D8BC2001A249B /* BEMessageDigest.cpp */; };
		4D37E0B51339CF080084730B /* BECurl.cpp in Sources */ = {isa = PBXBuildFile; fileRef = 4D37E0B11339CF080084730B /* BECurl.cpp */; };
		4D4153A7120140AF00770E14 /* BEWStringVector.cpp in Sources */ = {isa = PBXBuildFile; fileRef = 4D4153A5120140AF00770E14 /* BEWStringVector.cpp */; };
		4D6552A9119A929A00FD2D1D /* Cocoa.framework in Frameworks */ = {isa = PBXBuildFile; fileRef = 4D6552A8119A929A00FD2D1D /* Cocoa.framework */; };
		4D70428813BAE5CA00DE4484 /* BEFileSystem.cpp in Sources */ = {isa = PBXBuildFile; fileRef = 4D70428613BAE5CA00DE4484 /* BEFileSystem.cpp */; };
		4D8824E711E93F6000F94475 /* BEPluginUtilities.cpp in Sources */ = {isa = PBXBuildFile; fileRef = 4D8824E511E93F6000F94475 /* BEPluginUtilities.cpp */; };
		4D8BA595134579BD003A90B5 /* libboost_thread.a in Frameworks */ = {isa = PBXBuildFile; fileRef = 4D8BA594134579BD003A90B5 /* libboost_thread.a */; };
		4D99B2EB135E5BAA00BCB3C0 /* libcurl.dylib in Frameworks */ = {isa = PBXBuildFile; fileRef = 4D99B2EA135E5BAA00BCB3C0 /* libcurl.dylib */; };
		4D9E2B0C118A9F4A00EC9352 /* libboost_system.a in Frameworks */ = {isa = PBXBuildFile; fileRef = 4D9E2B0B118A9F4A00EC9352 /* libboost_system.a */; };
		4D9EEE80118A8E9C00EC9352 /* libboost_filesystem.a in Frameworks */ = {isa = PBXBuildFile; fileRef = 4D9EEE7F118A8E9C00EC9352 /* libboost_filesystem.a */; };
		4D9F2DDE11E934BC003D75BB /* BEMacFunctions.mm in Sources */ = {isa = PBXBuildFile; fileRef = 4D9F2DD711E934BC003D75BB /* BEMacFunctions.mm */; };
		4D9F2DDF11E934BC003D75BB /* BEPlugin.cpp in Sources */ = {isa = PBXBuildFile; fileRef = 4D9F2DD811E934BC003D75BB /* BEPlugin.cpp */; };
		4D9F2DE011E934BC003D75BB /* BEPluginFunctions.cpp in Sources */ = {isa = PBXBuildFile; fileRef = 4D9F2DD911E934BC003D75BB /* BEPluginFunctions.cpp */; };
		4DB18D8D15A3D47F00E73AAF /* libcrypto.a in Frameworks */ = {isa = PBXBuildFile; fileRef = 4DB18D8B15A3D47F00E73AAF /* libcrypto.a */; };
		4DB18D8E15A3D47F00E73AAF /* libssl.a in Frameworks */ = {isa = PBXBuildFile; fileRef = 4DB18D8C15A3D47F00E73AAF /* libssl.a */; };
		4DC182CA144CEC0900E27CAA /* BEZlib.cpp in Sources */ = {isa = PBXBuildFile; fileRef = 4DC182C9144CEC0900E27CAA /* BEZlib.cpp */; };
		4DC18342144D31C800E27CAA /* ioapi.c in Sources */ = {isa = PBXBuildFile; fileRef = 4DC18338144D31C800E27CAA /* ioapi.c */; };
		4DC18344144D31C800E27CAA /* mztools.c in Sources */ = {isa = PBXBuildFile; fileRef = 4DC1833C144D31C800E27CAA /* mztools.c */; };
		4DC18345144D31C800E27CAA /* unzip.c in Sources */ = {isa = PBXBuildFile; fileRef = 4DC1833E144D31C800E27CAA /* unzip.c */; };
		4DC18346144D31C800E27CAA /* zip.c in Sources */ = {isa = PBXBuildFile; fileRef = 4DC18340144D31C800E27CAA /* zip.c */; };
		4DD780D911FFCD2500CFC8B4 /* BEFileMakerPlugin.cpp in Sources */ = {isa = PBXBuildFile; fileRef = 4DD780D811FFCD2500CFC8B4 /* BEFileMakerPlugin.cpp */; };
		4DD7824B11FFF57400CFC8B4 /* BaseElements.strings in Resources */ = {isa = PBXBuildFile; fileRef = 4D7FCA5C11E9308B0047A453 /* BaseElements.strings */; };
		4DD78320120005AE00CFC8B4 /* BEXSLT.cpp in Sources */ = {isa = PBXBuildFile; fileRef = 4DD7831F120005AE00CFC8B4 /* BEXSLT.cpp */; };
		C7DEDF1707E10BF4002283F3 /* CoreServices.framework in Frameworks */ = {isa = PBXBuildFile; fileRef = C7DEDF1607E10BF4002283F3 /* CoreServices.framework */; };
		C7DEDF1907E10BF4002283F3 /* Carbon.framework in Frameworks */ = {isa = PBXBuildFile; fileRef = C7DEDF1807E10BF4002283F3 /* Carbon.framework */; };
		C7DEDF3807E10CBC002283F3 /* FMWrapper.framework in Frameworks */ = {isa = PBXBuildFile; fileRef = C7DEDF3707E10CBC002283F3 /* FMWrapper.framework */; };
/* End PBXBuildFile section */

/* Begin PBXCopyFilesBuildPhase section */
		4D59E19913777790002454D2 /* CopyFiles */ = {
			isa = PBXCopyFilesBuildPhase;
			buildActionMask = 2147483647;
			dstPath = "";
			dstSubfolderSpec = 10;
			files = (
			);
			runOnlyForDeploymentPostprocessing = 0;
		};
		4D59E1B413777D30002454D2 /* CopyFiles */ = {
			isa = PBXCopyFilesBuildPhase;
			buildActionMask = 2147483647;
			dstPath = "";
			dstSubfolderSpec = 10;
			files = (
			);
			runOnlyForDeploymentPostprocessing = 0;
		};
/* End PBXCopyFilesBuildPhase section */

/* Begin PBXFileReference section */
		4D0023E213FDD64C00C0B57A /* BEShell.cpp */ = {isa = PBXFileReference; fileEncoding = 4; lastKnownFileType = sourcecode.cpp.cpp; name = BEShell.cpp; path = ../Source/BEShell.cpp; sourceTree = SOURCE_ROOT; };
		4D0023E313FDD64C00C0B57A /* BEShell.h */ = {isa = PBXFileReference; fileEncoding = 4; lastKnownFileType = sourcecode.c.h; name = BEShell.h; path = ../Source/BEShell.h; sourceTree = SOURCE_ROOT; };
		4D10AD931484202000814440 /* BESQLCommand.cpp */ = {isa = PBXFileReference; fileEncoding = 4; lastKnownFileType = sourcecode.cpp.cpp; name = BESQLCommand.cpp; path = ../Source/BESQLCommand.cpp; sourceTree = SOURCE_ROOT; };
		4D10AD941484202000814440 /* BESQLCommand.h */ = {isa = PBXFileReference; fileEncoding = 4; lastKnownFileType = sourcecode.c.h; name = BESQLCommand.h; path = ../Source/BESQLCommand.h; sourceTree = SOURCE_ROOT; };
		4D156AE1135D8BC2001A249B /* BEMessageDigest.h */ = {isa = PBXFileReference; fileEncoding = 4; lastKnownFileType = sourcecode.c.h; name = BEMessageDigest.h; path = ../Source/BEMessageDigest.h; sourceTree = SOURCE_ROOT; };
		4D156AE2135D8BC2001A249B /* BEMessageDigest.cpp */ = {isa = PBXFileReference; fileEncoding = 4; lastKnownFileType = sourcecode.cpp.cpp; name = BEMessageDigest.cpp; path = ../Source/BEMessageDigest.cpp; sourceTree = SOURCE_ROOT; };
		4D37E0B11339CF080084730B /* BECurl.cpp */ = {isa = PBXFileReference; fileEncoding = 4; lastKnownFileType = sourcecode.cpp.cpp; name = BECurl.cpp; path = ../Source/BECurl.cpp; sourceTree = SOURCE_ROOT; };
		4D37E0B21339CF080084730B /* BECurl.h */ = {isa = PBXFileReference; fileEncoding = 4; lastKnownFileType = sourcecode.c.h; name = BECurl.h; path = ../Source/BECurl.h; sourceTree = SOURCE_ROOT; };
		4D4153A5120140AF00770E14 /* BEWStringVector.cpp */ = {isa = PBXFileReference; fileEncoding = 4; lastKnownFileType = sourcecode.cpp.cpp; name = BEWStringVector.cpp; path = ../Source/BEWStringVector.cpp; sourceTree = SOURCE_ROOT; };
		4D4153A6120140AF00770E14 /* BEWStringVector.h */ = {isa = PBXFileReference; fileEncoding = 4; lastKnownFileType = sourcecode.c.h; name = BEWStringVector.h; path = ../Source/BEWStringVector.h; sourceTree = SOURCE_ROOT; };
		4D55D9451462598D00EE1241 /* BE_Boost_FileSystem_Additions.hpp */ = {isa = PBXFileReference; fileEncoding = 4; lastKnownFileType = sourcecode.cpp.h; name = BE_Boost_FileSystem_Additions.hpp; path = ../Source/BE_Boost_FileSystem_Additions.hpp; sourceTree = SOURCE_ROOT; };
		4D6552A8119A929A00FD2D1D /* Cocoa.framework */ = {isa = PBXFileReference; lastKnownFileType = wrapper.framework; name = Cocoa.framework; path = System/Library/Frameworks/Cocoa.framework; sourceTree = SDKROOT; };
		4D70428613BAE5CA00DE4484 /* BEFileSystem.cpp */ = {isa = PBXFileReference; fileEncoding = 4; lastKnownFileType = sourcecode.cpp.cpp; name = BEFileSystem.cpp; path = ../Source/BEFileSystem.cpp; sourceTree = SOURCE_ROOT; };
		4D70428713BAE5CA00DE4484 /* BEFileSystem.h */ = {isa = PBXFileReference; fileEncoding = 4; lastKnownFileType = sourcecode.c.h; name = BEFileSystem.h; path = ../Source/BEFileSystem.h; sourceTree = SOURCE_ROOT; };
		4D7FCA5C11E9308B0047A453 /* BaseElements.strings */ = {isa = PBXFileReference; fileEncoding = 4; lastKnownFileType = text.plist.strings; name = BaseElements.strings; path = ../Resources/BaseElements.strings; sourceTree = SOURCE_ROOT; };
		4D7FCA5E11E9308B0047A453 /* Info.plist */ = {isa = PBXFileReference; fileEncoding = 4; lastKnownFileType = text.plist.xml; name = Info.plist; path = ../Resources/Info.plist; sourceTree = SOURCE_ROOT; };
		4D8824E511E93F6000F94475 /* BEPluginUtilities.cpp */ = {isa = PBXFileReference; fileEncoding = 4; lastKnownFileType = sourcecode.cpp.cpp; name = BEPluginUtilities.cpp; path = ../Source/BEPluginUtilities.cpp; sourceTree = SOURCE_ROOT; };
		4D8824E611E93F6000F94475 /* BEPluginUtilities.h */ = {isa = PBXFileReference; fileEncoding = 4; lastKnownFileType = sourcecode.c.h; name = BEPluginUtilities.h; path = ../Source/BEPluginUtilities.h; sourceTree = SOURCE_ROOT; };
		4D8BA594134579BD003A90B5 /* libboost_thread.a */ = {isa = PBXFileReference; lastKnownFileType = archive.ar; name = libboost_thread.a; path = ../Libraries/libboost_thread.a; sourceTree = SOURCE_ROOT; };
		4D99B2EA135E5BAA00BCB3C0 /* libcurl.dylib */ = {isa = PBXFileReference; lastKnownFileType = "compiled.mach-o.dylib"; name = libcurl.dylib; path = usr/lib/libcurl.dylib; sourceTree = SDKROOT; };
		4D9E2B0B118A9F4A00EC9352 /* libboost_system.a */ = {isa = PBXFileReference; lastKnownFileType = archive.ar; name = libboost_system.a; path = ../Libraries/libboost_system.a; sourceTree = SOURCE_ROOT; };
		4D9EEE7F118A8E9C00EC9352 /* libboost_filesystem.a */ = {isa = PBXFileReference; lastKnownFileType = archive.ar; name = libboost_filesystem.a; path = ../Libraries/libboost_filesystem.a; sourceTree = SOURCE_ROOT; };
		4D9F2DD611E934BC003D75BB /* BEMacFunctions.h */ = {isa = PBXFileReference; fileEncoding = 4; lastKnownFileType = sourcecode.c.h; name = BEMacFunctions.h; path = ../Source/BEMacFunctions.h; sourceTree = SOURCE_ROOT; };
		4D9F2DD711E934BC003D75BB /* BEMacFunctions.mm */ = {isa = PBXFileReference; fileEncoding = 4; lastKnownFileType = sourcecode.cpp.objcpp; name = BEMacFunctions.mm; path = ../Source/BEMacFunctions.mm; sourceTree = SOURCE_ROOT; };
		4D9F2DD811E934BC003D75BB /* BEPlugin.cpp */ = {isa = PBXFileReference; fileEncoding = 4; lastKnownFileType = sourcecode.cpp.cpp; name = BEPlugin.cpp; path = ../Source/BEPlugin.cpp; sourceTree = SOURCE_ROOT; };
		4D9F2DD911E934BC003D75BB /* BEPluginFunctions.cpp */ = {isa = PBXFileReference; fileEncoding = 4; lastKnownFileType = sourcecode.cpp.cpp; name = BEPluginFunctions.cpp; path = ../Source/BEPluginFunctions.cpp; sourceTree = SOURCE_ROOT; };
		4D9F2DDA11E934BC003D75BB /* BEPluginFunctions.h */ = {isa = PBXFileReference; fileEncoding = 4; lastKnownFileType = sourcecode.c.h; name = BEPluginFunctions.h; path = ../Source/BEPluginFunctions.h; sourceTree = SOURCE_ROOT; };
		4D9F2DDB11E934BC003D75BB /* BEPluginGlobalDefines.h */ = {isa = PBXFileReference; fileEncoding = 4; lastKnownFileType = sourcecode.c.h; name = BEPluginGlobalDefines.h; path = ../Source/BEPluginGlobalDefines.h; sourceTree = SOURCE_ROOT; };
		4DB18D8B15A3D47F00E73AAF /* libcrypto.a */ = {isa = PBXFileReference; lastKnownFileType = archive.ar; name = libcrypto.a; path = ../Libraries/libcrypto.a; sourceTree = "<group>"; };
		4DB18D8C15A3D47F00E73AAF /* libssl.a */ = {isa = PBXFileReference; lastKnownFileType = archive.ar; name = libssl.a; path = ../Libraries/libssl.a; sourceTree = "<group>"; };
		4DC182C8144CEC0900E27CAA /* BEZlib.h */ = {isa = PBXFileReference; fileEncoding = 4; lastKnownFileType = sourcecode.c.h; name = BEZlib.h; path = ../Source/BEZlib.h; sourceTree = SOURCE_ROOT; };
		4DC182C9144CEC0900E27CAA /* BEZlib.cpp */ = {isa = PBXFileReference; fileEncoding = 4; lastKnownFileType = sourcecode.cpp.cpp; name = BEZlib.cpp; path = ../Source/BEZlib.cpp; sourceTree = SOURCE_ROOT; };
		4DC18337144D31C800E27CAA /* crypt.h */ = {isa = PBXFileReference; fileEncoding = 4; lastKnownFileType = sourcecode.c.h; name = crypt.h; path = ../Source/minizip/crypt.h; sourceTree = SOURCE_ROOT; };
		4DC18338144D31C800E27CAA /* ioapi.c */ = {isa = PBXFileReference; fileEncoding = 4; lastKnownFileType = sourcecode.c.c; name = ioapi.c; path = ../Source/minizip/ioapi.c; sourceTree = SOURCE_ROOT; };
		4DC18339144D31C800E27CAA /* ioapi.h */ = {isa = PBXFileReference; fileEncoding = 4; lastKnownFileType = sourcecode.c.h; name = ioapi.h; path = ../Source/minizip/ioapi.h; sourceTree = SOURCE_ROOT; };
		4DC1833C144D31C800E27CAA /* mztools.c */ = {isa = PBXFileReference; fileEncoding = 4; lastKnownFileType = sourcecode.c.c; name = mztools.c; path = ../Source/minizip/mztools.c; sourceTree = SOURCE_ROOT; };
		4DC1833D144D31C800E27CAA /* mztools.h */ = {isa = PBXFileReference; fileEncoding = 4; lastKnownFileType = sourcecode.c.h; name = mztools.h; path = ../Source/minizip/mztools.h; sourceTree = SOURCE_ROOT; };
		4DC1833E144D31C800E27CAA /* unzip.c */ = {isa = PBXFileReference; fileEncoding = 4; lastKnownFileType = sourcecode.c.c; name = unzip.c; path = ../Source/minizip/unzip.c; sourceTree = SOURCE_ROOT; };
		4DC1833F144D31C800E27CAA /* unzip.h */ = {isa = PBXFileReference; fileEncoding = 4; lastKnownFileType = sourcecode.c.h; name = unzip.h; path = ../Source/minizip/unzip.h; sourceTree = SOURCE_ROOT; };
		4DC18340144D31C800E27CAA /* zip.c */ = {isa = PBXFileReference; fileEncoding = 4; lastKnownFileType = sourcecode.c.c; name = zip.c; path = ../Source/minizip/zip.c; sourceTree = SOURCE_ROOT; };
		4DC18341144D31C800E27CAA /* zip.h */ = {isa = PBXFileReference; fileEncoding = 4; lastKnownFileType = sourcecode.c.h; name = zip.h; path = ../Source/minizip/zip.h; sourceTree = SOURCE_ROOT; };
		4DD780D711FFCD2500CFC8B4 /* BEFileMakerPlugin.h */ = {isa = PBXFileReference; fileEncoding = 4; lastKnownFileType = sourcecode.c.h; name = BEFileMakerPlugin.h; path = ../Source/BEFileMakerPlugin.h; sourceTree = "<group>"; };
		4DD780D811FFCD2500CFC8B4 /* BEFileMakerPlugin.cpp */ = {isa = PBXFileReference; fileEncoding = 4; lastKnownFileType = sourcecode.cpp.cpp; name = BEFileMakerPlugin.cpp; path = ../Source/BEFileMakerPlugin.cpp; sourceTree = "<group>"; };
		4DD7831E120005AE00CFC8B4 /* BEXSLT.h */ = {isa = PBXFileReference; fileEncoding = 4; lastKnownFileType = sourcecode.c.h; name = BEXSLT.h; path = ../Source/BEXSLT.h; sourceTree = "<group>"; };
		4DD7831F120005AE00CFC8B4 /* BEXSLT.cpp */ = {isa = PBXFileReference; fileEncoding = 4; lastKnownFileType = sourcecode.cpp.cpp; name = BEXSLT.cpp; path = ../Source/BEXSLT.cpp; sourceTree = "<group>"; };
		C77AF38407E11A7C00897241 /* BaseElements.fmplugin */ = {isa = PBXFileReference; explicitFileType = wrapper.cfbundle; includeInIndex = 0; path = BaseElements.fmplugin; sourceTree = BUILT_PRODUCTS_DIR; };
		C7DEDF1607E10BF4002283F3 /* CoreServices.framework */ = {isa = PBXFileReference; lastKnownFileType = wrapper.framework; name = CoreServices.framework; path = /System/Library/Frameworks/CoreServices.framework; sourceTree = "<absolute>"; };
		C7DEDF1807E10BF4002283F3 /* Carbon.framework */ = {isa = PBXFileReference; lastKnownFileType = wrapper.framework; name = Carbon.framework; path = /System/Library/Frameworks/Carbon.framework; sourceTree = "<absolute>"; };
		C7DEDF3707E10CBC002283F3 /* FMWrapper.framework */ = {isa = PBXFileReference; lastKnownFileType = wrapper.framework; name = FMWrapper.framework; path = ../Libraries/FMWrapper.framework; sourceTree = SOURCE_ROOT; };
/* End PBXFileReference section */

/* Begin PBXFrameworksBuildPhase section */
		C7DEDEF107E10BF3002283F3 /* Frameworks */ = {
			isa = PBXFrameworksBuildPhase;
			buildActionMask = 2147483647;
			files = (
				C7DEDF1707E10BF4002283F3 /* CoreServices.framework in Frameworks */,
				C7DEDF1907E10BF4002283F3 /* Carbon.framework in Frameworks */,
				C7DEDF3807E10CBC002283F3 /* FMWrapper.framework in Frameworks */,
				4D9EEE80118A8E9C00EC9352 /* libboost_filesystem.a in Frameworks */,
				4D9E2B0C118A9F4A00EC9352 /* libboost_system.a in Frameworks */,
				4D6552A9119A929A00FD2D1D /* Cocoa.framework in Frameworks */,
				4D8BA595134579BD003A90B5 /* libboost_thread.a in Frameworks */,
				4D99B2EB135E5BAA00BCB3C0 /* libcurl.dylib in Frameworks */,
				4DB18D8D15A3D47F00E73AAF /* libcrypto.a in Frameworks */,
				4DB18D8E15A3D47F00E73AAF /* libssl.a in Frameworks */,
			);
			runOnlyForDeploymentPostprocessing = 0;
		};
/* End PBXFrameworksBuildPhase section */

/* Begin PBXGroup section */
		4D9EEE5D118A8C9600EC9352 /* Libraries */ = {
			isa = PBXGroup;
			children = (
				4DB18D8B15A3D47F00E73AAF /* libcrypto.a */,
				4DB18D8C15A3D47F00E73AAF /* libssl.a */,
				4D9EEE7F118A8E9C00EC9352 /* libboost_filesystem.a */,
				4D9E2B0B118A9F4A00EC9352 /* libboost_system.a */,
				4D8BA594134579BD003A90B5 /* libboost_thread.a */,
			);
			name = Libraries;
			sourceTree = "<group>";
		};
		4DC18336144D319D00E27CAA /* MiniZip */ = {
			isa = PBXGroup;
			children = (
				4DC18337144D31C800E27CAA /* crypt.h */,
				4DC18338144D31C800E27CAA /* ioapi.c */,
				4DC18339144D31C800E27CAA /* ioapi.h */,
				4DC1833C144D31C800E27CAA /* mztools.c */,
				4DC1833D144D31C800E27CAA /* mztools.h */,
				4DC1833E144D31C800E27CAA /* unzip.c */,
				4DC1833F144D31C800E27CAA /* unzip.h */,
				4DC18340144D31C800E27CAA /* zip.c */,
				4DC18341144D31C800E27CAA /* zip.h */,
			);
			name = MiniZip;
			sourceTree = "<group>";
		};
		C7DEDEE707E10BF3002283F3 = {
			isa = PBXGroup;
			children = (
				4DC18336144D319D00E27CAA /* MiniZip */,
				C7DEDEF607E10BF3002283F3 /* Sources */,
				C7DEDEFC07E10BF3002283F3 /* Resources */,
				4D9EEE5D118A8C9600EC9352 /* Libraries */,
				C7DEDF1507E10BF4002283F3 /* Frameworks */,
				C77AF38407E11A7C00897241 /* BaseElements.fmplugin */,
			);
			sourceTree = "<group>";
		};
		C7DEDEF607E10BF3002283F3 /* Sources */ = {
			isa = PBXGroup;
			children = (
				4D10AD931484202000814440 /* BESQLCommand.cpp */,
				4D10AD941484202000814440 /* BESQLCommand.h */,
				4D37E0B21339CF080084730B /* BECurl.h */,
				4D37E0B11339CF080084730B /* BECurl.cpp */,
				4D8824E611E93F6000F94475 /* BEPluginUtilities.h */,
				4D8824E511E93F6000F94475 /* BEPluginUtilities.cpp */,
				4D70428713BAE5CA00DE4484 /* BEFileSystem.h */,
				4D70428613BAE5CA00DE4484 /* BEFileSystem.cpp */,
				4D9F2DD611E934BC003D75BB /* BEMacFunctions.h */,
				4D9F2DD711E934BC003D75BB /* BEMacFunctions.mm */,
				4D9F2DDA11E934BC003D75BB /* BEPluginFunctions.h */,
				4D9F2DD911E934BC003D75BB /* BEPluginFunctions.cpp */,
				4D9F2DDB11E934BC003D75BB /* BEPluginGlobalDefines.h */,
				4D9F2DD811E934BC003D75BB /* BEPlugin.cpp */,
				4DD780D711FFCD2500CFC8B4 /* BEFileMakerPlugin.h */,
				4DD780D811FFCD2500CFC8B4 /* BEFileMakerPlugin.cpp */,
				4DD7831E120005AE00CFC8B4 /* BEXSLT.h */,
				4DD7831F120005AE00CFC8B4 /* BEXSLT.cpp */,
				4D4153A6120140AF00770E14 /* BEWStringVector.h */,
				4D4153A5120140AF00770E14 /* BEWStringVector.cpp */,
				4D156AE1135D8BC2001A249B /* BEMessageDigest.h */,
				4D156AE2135D8BC2001A249B /* BEMessageDigest.cpp */,
				4D0023E313FDD64C00C0B57A /* BEShell.h */,
				4D0023E213FDD64C00C0B57A /* BEShell.cpp */,
				4DC182C8144CEC0900E27CAA /* BEZlib.h */,
				4DC182C9144CEC0900E27CAA /* BEZlib.cpp */,
				4D55D9451462598D00EE1241 /* BE_Boost_FileSystem_Additions.hpp */,
			);
			name = Sources;
			sourceTree = "<group>";
		};
		C7DEDEFC07E10BF3002283F3 /* Resources */ = {
			isa = PBXGroup;
			children = (
				4D7FCA5C11E9308B0047A453 /* BaseElements.strings */,
				4D7FCA5E11E9308B0047A453 /* Info.plist */,
			);
			name = Resources;
			sourceTree = "<group>";
		};
		C7DEDF1507E10BF4002283F3 /* Frameworks */ = {
			isa = PBXGroup;
			children = (
				C7DEDF1607E10BF4002283F3 /* CoreServices.framework */,
				C7DEDF1807E10BF4002283F3 /* Carbon.framework */,
				C7DEDF3707E10CBC002283F3 /* FMWrapper.framework */,
				4D6552A8119A929A00FD2D1D /* Cocoa.framework */,
				4D99B2EA135E5BAA00BCB3C0 /* libcurl.dylib */,
			);
			name = Frameworks;
			sourceTree = "<group>";
		};
/* End PBXGroup section */

/* Begin PBXNativeTarget section */
		C7DEDEF307E10BF3002283F3 /* BaseElements */ = {
			isa = PBXNativeTarget;
			buildConfigurationList = 6FD50583097C3165009399BF /* Build configuration list for PBXNativeTarget "BaseElements" */;
			buildPhases = (
				C7DEDEEF07E10BF3002283F3 /* Sources */,
				4D59E19913777790002454D2 /* CopyFiles */,
				C7DEDEF007E10BF3002283F3 /* Resources */,
				C7DEDEF107E10BF3002283F3 /* Frameworks */,
				4D59E1B413777D30002454D2 /* CopyFiles */,
			);
			buildRules = (
			);
			dependencies = (
			);
			name = BaseElements;
			productName = MacExample;
			productReference = C77AF38407E11A7C00897241 /* BaseElements.fmplugin */;
			productType = "com.apple.product-type.bundle";
		};
/* End PBXNativeTarget section */

/* Begin PBXProject section */
		C7DEDEEB07E10BF3002283F3 /* Project object */ = {
			isa = PBXProject;
			attributes = {
				LastUpgradeCheck = 0430;
				ORGANIZATIONNAME = Goya;
			};
			buildConfigurationList = 6FD50587097C3165009399BF /* Build configuration list for PBXProject "BaseElements" */;
			compatibilityVersion = "Xcode 3.2";
			developmentRegion = English;
			hasScannedForEncodings = 0;
			knownRegions = (
				English,
				Japanese,
				French,
				German,
			);
			mainGroup = C7DEDEE707E10BF3002283F3;
			productRefGroup = C7DEDEE707E10BF3002283F3;
			projectDirPath = "";
			projectRoot = "";
			targets = (
				C7DEDEF307E10BF3002283F3 /* BaseElements */,
			);
		};
/* End PBXProject section */

/* Begin PBXResourcesBuildPhase section */
		C7DEDEF007E10BF3002283F3 /* Resources */ = {
			isa = PBXResourcesBuildPhase;
			buildActionMask = 2147483647;
			files = (
				4DD7824B11FFF57400CFC8B4 /* BaseElements.strings in Resources */,
			);
			runOnlyForDeploymentPostprocessing = 0;
		};
/* End PBXResourcesBuildPhase section */

/* Begin PBXSourcesBuildPhase section */
		C7DEDEEF07E10BF3002283F3 /* Sources */ = {
			isa = PBXSourcesBuildPhase;
			buildActionMask = 2147483647;
			files = (
				4D9F2DDE11E934BC003D75BB /* BEMacFunctions.mm in Sources */,
				4D9F2DDF11E934BC003D75BB /* BEPlugin.cpp in Sources */,
				4D9F2DE011E934BC003D75BB /* BEPluginFunctions.cpp in Sources */,
				4D8824E711E93F6000F94475 /* BEPluginUtilities.cpp in Sources */,
				4DD780D911FFCD2500CFC8B4 /* BEFileMakerPlugin.cpp in Sources */,
				4DD78320120005AE00CFC8B4 /* BEXSLT.cpp in Sources */,
				4D4153A7120140AF00770E14 /* BEWStringVector.cpp in Sources */,
				4D37E0B51339CF080084730B /* BECurl.cpp in Sources */,
				4D156AE3135D8BC2001A249B /* BEMessageDigest.cpp in Sources */,
				4D70428813BAE5CA00DE4484 /* BEFileSystem.cpp in Sources */,
				4D0023E413FDD64C00C0B57A /* BEShell.cpp in Sources */,
				4DC182CA144CEC0900E27CAA /* BEZlib.cpp in Sources */,
				4DC18342144D31C800E27CAA /* ioapi.c in Sources */,
				4DC18344144D31C800E27CAA /* mztools.c in Sources */,
				4DC18345144D31C800E27CAA /* unzip.c in Sources */,
				4DC18346144D31C800E27CAA /* zip.c in Sources */,
				4D10AD951484202000814440 /* BESQLCommand.cpp in Sources */,
			);
			runOnlyForDeploymentPostprocessing = 0;
		};
/* End PBXSourcesBuildPhase section */

/* Begin XCBuildConfiguration section */
		6FD50584097C3165009399BF /* Release */ = {
			isa = XCBuildConfiguration;
			buildSettings = {
				FRAMEWORK_SEARCH_PATHS = (
					"$(inherited)",
					"\"$(SRCROOT)/../Libraries\"",
					"\"$(SRCROOT)\"",
				);
				HEADER_SEARCH_PATHS = (
					/usr/include/libxml2/,
					/usr/include/,
				);
				LIBRARY_SEARCH_PATHS = (
					"\"$(SRCROOT)/../Libraries\"",
					"\"$(SRCROOT)\"",
				);
				MACOSX_DEPLOYMENT_TARGET = 10.6;
				OTHER_LDFLAGS = (
					/usr/lib/libxml2.dylib,
					/usr/lib/libxslt.dylib,
					/usr/lib/libexslt.dylib,
					/usr/lib/libz.dylib,
					/usr/lib/libiconv.dylib,
				);
				SCAN_ALL_SOURCE_FILES_FOR_INCLUDES = NO;
				SDKROOT = macosx10.6;
				USER_HEADER_SEARCH_PATHS = "\"$(SRCROOT)/../Headers\" \"$(SRCROOT)/../Source\"";
			};
			name = Release;
		};
		6FD50585097C3165009399BF /* Debug */ = {
			isa = XCBuildConfiguration;
			buildSettings = {
				FRAMEWORK_SEARCH_PATHS = (
					"$(inherited)",
					"\"$(SRCROOT)/../Libraries\"",
					"\"$(SRCROOT)\"",
				);
				HEADER_SEARCH_PATHS = (
					/usr/include/libxml2/,
					/usr/include/,
				);
				LIBRARY_SEARCH_PATHS = (
					"\"$(SRCROOT)/../Libraries\"",
					"\"$(SRCROOT)\"",
				);
				MACOSX_DEPLOYMENT_TARGET = 10.6;
				OTHER_LDFLAGS = (
					/usr/lib/libxml2.dylib,
					/usr/lib/libxslt.dylib,
					/usr/lib/libexslt.dylib,
					/usr/lib/libz.dylib,
					/usr/lib/libiconv.dylib,
				);
				SCAN_ALL_SOURCE_FILES_FOR_INCLUDES = NO;
				SDKROOT = macosx10.6;
				USER_HEADER_SEARCH_PATHS = "\"$(SRCROOT)/../Headers\" \"$(SRCROOT)/../Source\"";
			};
			name = Debug;
		};
		6FD50588097C3165009399BF /* Release */ = {
			isa = XCBuildConfiguration;
			buildSettings = {
				ARCHS = "$(ARCHS_STANDARD_32_BIT)";
				DEBUG_INFORMATION_FORMAT = dwarf;
				DEPLOYMENT_POSTPROCESSING = YES;
				DSTROOT = "../Build/$(PROJECT_NAME).dst";
				FRAMEWORK_SEARCH_PATHS = ../Libraries;
				GCC_ENABLE_SYMBOL_SEPARATION = NO;
				GCC_MODEL_TUNING = "";
				GCC_OPTIMIZATION_LEVEL = 3;
				GCC_PREPROCESSOR_DEFINITIONS = "";
				GCC_TREAT_NONCONFORMANT_CODE_ERRORS_AS_WARNINGS = YES;
				GCC_WARN_64_TO_32_BIT_CONVERSION = YES;
				GCC_WARN_ABOUT_GLOBAL_CONSTRUCTORS = NO;
				GCC_WARN_ABOUT_MISSING_FIELD_INITIALIZERS = YES;
				GCC_WARN_ABOUT_MISSING_NEWLINE = YES;
				GCC_WARN_ABOUT_MISSING_PROTOTYPES = YES;
				GCC_WARN_ABOUT_RETURN_TYPE = YES;
				GCC_WARN_CHECK_SWITCH_STATEMENTS = YES;
				GCC_WARN_EFFECTIVE_CPLUSPLUS_VIOLATIONS = NO;
				GCC_WARN_FOUR_CHARACTER_CONSTANTS = YES;
				GCC_WARN_HIDDEN_VIRTUAL_FUNCTIONS = YES;
				GCC_WARN_INITIALIZER_NOT_FULLY_BRACKETED = YES;
				GCC_WARN_MISSING_PARENTHESES = YES;
				GCC_WARN_MULTIPLE_DEFINITION_TYPES_FOR_SELECTOR = NO;
				GCC_WARN_NON_VIRTUAL_DESTRUCTOR = YES;
				GCC_WARN_PEDANTIC = YES;
				GCC_WARN_PROTOTYPE_CONVERSION = NO;
				GCC_WARN_SHADOW = YES;
				GCC_WARN_SIGN_COMPARE = YES;
				GCC_WARN_STRICT_SELECTOR_MATCH = YES;
				GCC_WARN_UNDECLARED_SELECTOR = YES;
				GCC_WARN_UNINITIALIZED_AUTOS = YES;
				GCC_WARN_UNKNOWN_PRAGMAS = YES;
				GCC_WARN_UNUSED_FUNCTION = YES;
				GCC_WARN_UNUSED_LABEL = YES;
				GCC_WARN_UNUSED_PARAMETER = YES;
				GCC_WARN_UNUSED_VALUE = YES;
				GCC_WARN_UNUSED_VARIABLE = YES;
				GENERATE_PKGINFO_FILE = YES;
				HEADER_SEARCH_PATHS = ../Headers/;
				INFOPLIST_FILE = ../Resources/Info.plist;
				LIBRARY_SEARCH_PATHS = ../Libraries;
				LINK_WITH_STANDARD_LIBRARIES = YES;
				MACOSX_DEPLOYMENT_TARGET = 10.6;
				OTHER_CFLAGS = (
					"-Dfopen64=fopen",
					"-Dftello64=ftello",
					"-Dfseeko64=fseeko",
					"-fno-constant-cfstrings",
				);
				OTHER_CPLUSPLUSFLAGS = (
					"-fpermissive",
					"$(OTHER_CFLAGS)",
				);
				OTHER_LDFLAGS = "-search_paths_first";
				PRODUCT_NAME = BaseElements;
				RUN_CLANG_STATIC_ANALYZER = YES;
				SCAN_ALL_SOURCE_FILES_FOR_INCLUDES = YES;
				SDKROOT = macosx10.6;
				SEPARATE_STRIP = YES;
				SYMROOT = ../Build;
				USER_HEADER_SEARCH_PATHS = "\"$(SRCROOT)/../Headers\" \"$(SRCROOT)/../Source\"";
				VALID_ARCHS = i386;
				WARNING_CFLAGS = (
					"-Wall",
					"-Wno-unknown-pragmas",
				);
				WRAPPER_EXTENSION = fmplugin;
			};
			name = Release;
		};
		6FD50589097C3165009399BF /* Debug */ = {
			isa = XCBuildConfiguration;
			buildSettings = {
				ARCHS = "$(ARCHS_STANDARD_32_BIT)";
				DEBUG_INFORMATION_FORMAT = dwarf;
				DEPLOYMENT_POSTPROCESSING = NO;
				DSTROOT = "../Build/$(PROJECT_NAME).dst";
				FRAMEWORK_SEARCH_PATHS = ../Libraries;
				GCC_ENABLE_SYMBOL_SEPARATION = NO;
				GCC_MODEL_TUNING = "";
				GCC_OPTIMIZATION_LEVEL = 0;
				GCC_PREPROCESSOR_DEFINITIONS = "";
				GCC_TREAT_NONCONFORMANT_CODE_ERRORS_AS_WARNINGS = YES;
				GCC_WARN_64_TO_32_BIT_CONVERSION = YES;
				GCC_WARN_ABOUT_GLOBAL_CONSTRUCTORS = NO;
				GCC_WARN_ABOUT_MISSING_FIELD_INITIALIZERS = YES;
				GCC_WARN_ABOUT_MISSING_NEWLINE = YES;
				GCC_WARN_ABOUT_MISSING_PROTOTYPES = YES;
				GCC_WARN_ABOUT_RETURN_TYPE = YES;
				GCC_WARN_CHECK_SWITCH_STATEMENTS = YES;
				GCC_WARN_EFFECTIVE_CPLUSPLUS_VIOLATIONS = NO;
				GCC_WARN_FOUR_CHARACTER_CONSTANTS = YES;
				GCC_WARN_HIDDEN_VIRTUAL_FUNCTIONS = YES;
				GCC_WARN_INITIALIZER_NOT_FULLY_BRACKETED = YES;
				GCC_WARN_MISSING_PARENTHESES = YES;
				GCC_WARN_MULTIPLE_DEFINITION_TYPES_FOR_SELECTOR = NO;
				GCC_WARN_NON_VIRTUAL_DESTRUCTOR = YES;
				GCC_WARN_PEDANTIC = YES;
				GCC_WARN_PROTOTYPE_CONVERSION = NO;
				GCC_WARN_SHADOW = YES;
				GCC_WARN_SIGN_COMPARE = YES;
				GCC_WARN_STRICT_SELECTOR_MATCH = YES;
				GCC_WARN_UNDECLARED_SELECTOR = YES;
				GCC_WARN_UNINITIALIZED_AUTOS = YES;
				GCC_WARN_UNKNOWN_PRAGMAS = YES;
				GCC_WARN_UNUSED_FUNCTION = YES;
				GCC_WARN_UNUSED_LABEL = YES;
				GCC_WARN_UNUSED_PARAMETER = YES;
				GCC_WARN_UNUSED_VALUE = YES;
				GCC_WARN_UNUSED_VARIABLE = YES;
				GENERATE_PKGINFO_FILE = YES;
				HEADER_SEARCH_PATHS = ../Headers/;
				INFOPLIST_FILE = ../Resources/Info.plist;
				LIBRARY_SEARCH_PATHS = ../Libraries;
				LINK_WITH_STANDARD_LIBRARIES = YES;
				MACOSX_DEPLOYMENT_TARGET = 10.6;
				OTHER_CFLAGS = (
					"-Dfopen64=fopen",
					"-Dftello64=ftello",
					"-Dfseeko64=fseeko",
					"-fno-constant-cfstrings",
				);
				OTHER_CPLUSPLUSFLAGS = (
					"-fpermissive",
					"$(OTHER_CFLAGS)",
				);
				OTHER_LDFLAGS = "-search_paths_first";
				PRODUCT_NAME = BaseElements;
				RUN_CLANG_STATIC_ANALYZER = YES;
				SCAN_ALL_SOURCE_FILES_FOR_INCLUDES = YES;
				SDKROOT = macosx10.6;
				SEPARATE_STRIP = NO;
				SYMROOT = ../Build;
				USER_HEADER_SEARCH_PATHS = "\"$(SRCROOT)/../Headers\" \"$(SRCROOT)/../Source\"";
				VALID_ARCHS = i386;
				WARNING_CFLAGS = (
					"-Wall",
					"-Wno-unknown-pragmas",
				);
				WRAPPER_EXTENSION = fmplugin;
			};
			name = Debug;
		};
/* End XCBuildConfiguration section */

/* Begin XCConfigurationList section */
		6FD50583097C3165009399BF /* Build configuration list for PBXNativeTarget "BaseElements" */ = {
			isa = XCConfigurationList;
			buildConfigurations = (
				6FD50584097C3165009399BF /* Release */,
				6FD50585097C3165009399BF /* Debug */,
			);
			defaultConfigurationIsVisible = 0;
			defaultConfigurationName = Release;
		};
		6FD50587097C3165009399BF /* Build configuration list for PBXProject "BaseElements" */ = {
			isa = XCConfigurationList;
			buildConfigurations = (
				6FD50588097C3165009399BF /* Release */,
				6FD50589097C3165009399BF /* Debug */,
			);
			defaultConfigurationIsVisible = 0;
			defaultConfigurationName = Release;
		};
/* End XCConfigurationList section */
	};
	rootObject = C7DEDEEB07E10BF3002283F3 /* Project object */;
}
