// !$*UTF8*$!
{
	archiveVersion = 1;
	classes = {
	};
	objectVersion = 46;
	objects = {

/* Begin PBXBuildFile section */
		4D0579331B3B83550000585F /* FMWrapper.framework in Frameworks */ = {isa = PBXBuildFile; fileRef = 4D05792C1B3B83550000585F /* FMWrapper.framework */; };
		4D0579341B3B83550000585F /* libcurl.a in Frameworks */ = {isa = PBXBuildFile; fileRef = 4D05792D1B3B83550000585F /* libcurl.a */; };
		4D0579351B3B83550000585F /* libjansson.a in Frameworks */ = {isa = PBXBuildFile; fileRef = 4D05792E1B3B83550000585F /* libjansson.a */; };
		4D0579361B3B83550000585F /* libmimetic.a in Frameworks */ = {isa = PBXBuildFile; fileRef = 4D05792F1B3B83550000585F /* libmimetic.a */; };
		4D0579371B3B83550000585F /* liboauth.a in Frameworks */ = {isa = PBXBuildFile; fileRef = 4D0579301B3B83550000585F /* liboauth.a */; };
		4D0579381B3B83550000585F /* libssh2.a in Frameworks */ = {isa = PBXBuildFile; fileRef = 4D0579311B3B83550000585F /* libssh2.a */; };
		4D0579391B3B83550000585F /* libxerces-c.a in Frameworks */ = {isa = PBXBuildFile; fileRef = 4D0579321B3B83550000585F /* libxerces-c.a */; };
		4D0E296A1B3A6C1000A35298 /* libboost_date_time.a in Frameworks */ = {isa = PBXBuildFile; fileRef = 4D0E29621B3A6C1000A35298 /* libboost_date_time.a */; };
		4D0E296B1B3A6C1000A35298 /* libboost_filesystem.a in Frameworks */ = {isa = PBXBuildFile; fileRef = 4D0E29631B3A6C1000A35298 /* libboost_filesystem.a */; };
		4D0E296C1B3A6C1000A35298 /* libboost_regex.a in Frameworks */ = {isa = PBXBuildFile; fileRef = 4D0E29641B3A6C1000A35298 /* libboost_regex.a */; };
		4D0E296D1B3A6C1000A35298 /* libboost_system.a in Frameworks */ = {isa = PBXBuildFile; fileRef = 4D0E29651B3A6C1000A35298 /* libboost_system.a */; };
		4D0E296E1B3A6C1000A35298 /* libboost_thread.a in Frameworks */ = {isa = PBXBuildFile; fileRef = 4D0E29661B3A6C1000A35298 /* libboost_thread.a */; };
		4D0E296F1B3A6C1000A35298 /* libPocoFoundation.a in Frameworks */ = {isa = PBXBuildFile; fileRef = 4D0E29671B3A6C1000A35298 /* libPocoFoundation.a */; };
		4D0E29701B3A6C1000A35298 /* libPocoZip.a in Frameworks */ = {isa = PBXBuildFile; fileRef = 4D0E29681B3A6C1000A35298 /* libPocoZip.a */; };
		4D0E29711B3A6C1000A35298 /* libturbojpeg.a in Frameworks */ = {isa = PBXBuildFile; fileRef = 4D0E29691B3A6C1000A35298 /* libturbojpeg.a */; };
		4D145DDD1C44BCAF00C9FF3E /* libgcrypt.a in Frameworks */ = {isa = PBXBuildFile; fileRef = 4D145DDB1C44BCAF00C9FF3E /* libgcrypt.a */; };
		4D145DDE1C44BCAF00C9FF3E /* libgpg-error.a in Frameworks */ = {isa = PBXBuildFile; fileRef = 4D145DDC1C44BCAF00C9FF3E /* libgpg-error.a */; };
		4D35A7441C8D29CB00D6A353 /* BEFMS.cpp in Sources */ = {isa = PBXBuildFile; fileRef = 4D35A7421C8D29CB00D6A353 /* BEFMS.cpp */; };
		4D4C066F1C23B37E006899FE /* libz.tbd in Frameworks */ = {isa = PBXBuildFile; fileRef = 4D4C066E1C23B37E006899FE /* libz.tbd */; };
		4D4C06711C23B389006899FE /* libiconv.tbd in Frameworks */ = {isa = PBXBuildFile; fileRef = 4D4C06701C23B389006899FE /* libiconv.tbd */; };
		4D4C06771C23B3A9006899FE /* libcharset.tbd in Frameworks */ = {isa = PBXBuildFile; fileRef = 4D4C06761C23B3A9006899FE /* libcharset.tbd */; };
		4D4C06791C23B3B6006899FE /* libldap.tbd in Frameworks */ = {isa = PBXBuildFile; fileRef = 4D4C06781C23B3B6006899FE /* libldap.tbd */; };
		4D4C067A1C23CE0D006899FE /* libxml2.a in Frameworks */ = {isa = PBXBuildFile; fileRef = 4D9BD0BD1C23B27200851E74 /* libxml2.a */; };
		4D4C067D1C23CE0D006899FE /* libexslt.a in Frameworks */ = {isa = PBXBuildFile; fileRef = 4D4C067B1C23CE0D006899FE /* libexslt.a */; };
		4D4C067E1C23CE0D006899FE /* libxslt.a in Frameworks */ = {isa = PBXBuildFile; fileRef = 4D4C067C1C23CE0D006899FE /* libxslt.a */; };
		4D668AA51A36BC8900D14592 /* duktape.c in Sources */ = {isa = PBXBuildFile; fileRef = 4D668AA31A36BC8900D14592 /* duktape.c */; };
		4D668AA81A36BF0300D14592 /* BEJavaScript.cpp in Sources */ = {isa = PBXBuildFile; fileRef = 4D668AA61A36BF0300D14592 /* BEJavaScript.cpp */; };
		4D7613841C44C94200FC651E /* libssl.tbd in Frameworks */ = {isa = PBXBuildFile; fileRef = 4D7613831C44C94200FC651E /* libssl.tbd */; };
		4D7613861C44C94E00FC651E /* libcrypto.tbd in Frameworks */ = {isa = PBXBuildFile; fileRef = 4D7613851C44C94E00FC651E /* libcrypto.tbd */; };
		4D7613871C460D7300FC651E /* Security.framework in Frameworks */ = {isa = PBXBuildFile; fileRef = 4D7613811C44C52E00FC651E /* Security.framework */; };
		4D807F001A9C255000E27E38 /* BEImage.cpp in Sources */ = {isa = PBXBuildFile; fileRef = 4D807EFE1A9C255000E27E38 /* BEImage.cpp */; };
		4D807F041A9C27AB00E27E38 /* BEJPEG.cpp in Sources */ = {isa = PBXBuildFile; fileRef = 4D807F021A9C27AB00E27E38 /* BEJPEG.cpp */; };
		4D8D8E161B167A2C005FEBD3 /* BEQuadChar.cpp in Sources */ = {isa = PBXBuildFile; fileRef = 4D8D8E141B167A2C005FEBD3 /* BEQuadChar.cpp */; };
		4D9CFD6F1A3FED7E008D72D1 /* BEProgressDialog.xib in Resources */ = {isa = PBXBuildFile; fileRef = 4DD613EE16FBAB7C00C25A3E /* BEProgressDialog.xib */; };
		4D9E26D01B29069B002F7DD3 /* BEX509.cpp in Sources */ = {isa = PBXBuildFile; fileRef = 4D9E26CE1B29069B002F7DD3 /* BEX509.cpp */; };
		4D9E26D31B292032002F7DD3 /* BEBio.cpp in Sources */ = {isa = PBXBuildFile; fileRef = 4D9E26D11B292032002F7DD3 /* BEBio.cpp */; };
		4DB857A31C646DF600D0192A /* BESMTPContainerAttachments.cpp in Sources */ = {isa = PBXBuildFile; fileRef = 4DB857A11C646DF600D0192A /* BESMTPContainerAttachments.cpp */; };
		4DCD49461A195B0C00EFCF7F /* BESMTP.cpp in Sources */ = {isa = PBXBuildFile; fileRef = 4DAC555318BDA41E00F365F5 /* BESMTP.cpp */; };
		4DCD49471A195B0C00EFCF7F /* BEMacFunctions.mm in Sources */ = {isa = PBXBuildFile; fileRef = 4D9F2DD711E934BC003D75BB /* BEMacFunctions.mm */; };
		4DCD49481A195B0C00EFCF7F /* BEPlugin.cpp in Sources */ = {isa = PBXBuildFile; fileRef = 4D9F2DD811E934BC003D75BB /* BEPlugin.cpp */; };
		4DCD49491A195B0C00EFCF7F /* BEXero.cpp in Sources */ = {isa = PBXBuildFile; fileRef = 4DFFF8B11884A0390015B531 /* BEXero.cpp */; };
		4DCD494A1A195B0C00EFCF7F /* BEOpenSSLAES.cpp in Sources */ = {isa = PBXBuildFile; fileRef = 4D3969C618DA54CA00DFC47A /* BEOpenSSLAES.cpp */; };
		4DCD494B1A195B0C00EFCF7F /* BEPluginFunctions.cpp in Sources */ = {isa = PBXBuildFile; fileRef = 4D9F2DD911E934BC003D75BB /* BEPluginFunctions.cpp */; };
		4DCD494C1A195B0C00EFCF7F /* BEPluginUtilities.cpp in Sources */ = {isa = PBXBuildFile; fileRef = 4D8824E511E93F6000F94475 /* BEPluginUtilities.cpp */; };
		4DCD494D1A195B0C00EFCF7F /* BEFileMakerPlugin.cpp in Sources */ = {isa = PBXBuildFile; fileRef = 4DD780D811FFCD2500CFC8B4 /* BEFileMakerPlugin.cpp */; };
		4DCD494E1A195B0C00EFCF7F /* BEXSLT.cpp in Sources */ = {isa = PBXBuildFile; fileRef = 4DD7831F120005AE00CFC8B4 /* BEXSLT.cpp */; };
		4DCD494F1A195B0C00EFCF7F /* BEWStringVector.cpp in Sources */ = {isa = PBXBuildFile; fileRef = 4D4153A5120140AF00770E14 /* BEWStringVector.cpp */; };
		4DCD49501A195B0C00EFCF7F /* BECurl.cpp in Sources */ = {isa = PBXBuildFile; fileRef = 4D37E0B11339CF080084730B /* BECurl.cpp */; };
		4DCD49511A195B0C00EFCF7F /* BEMessageDigest.cpp in Sources */ = {isa = PBXBuildFile; fileRef = 4D156AE2135D8BC2001A249B /* BEMessageDigest.cpp */; };
		4DCD49521A195B0C00EFCF7F /* BEFileSystem.cpp in Sources */ = {isa = PBXBuildFile; fileRef = 4D70428613BAE5CA00DE4484 /* BEFileSystem.cpp */; };
		4DCD49531A195B0C00EFCF7F /* BEShell.cpp in Sources */ = {isa = PBXBuildFile; fileRef = 4D0023E213FDD64C00C0B57A /* BEShell.cpp */; };
		4DCD49541A195B0C00EFCF7F /* BEZlib.cpp in Sources */ = {isa = PBXBuildFile; fileRef = 4DC182C9144CEC0900E27CAA /* BEZlib.cpp */; };
		4DCD49591A195B0C00EFCF7F /* BESQLCommand.cpp in Sources */ = {isa = PBXBuildFile; fileRef = 4D10AD931484202000814440 /* BESQLCommand.cpp */; };
		4DCD495A1A195B0C00EFCF7F /* BEXMLReader.cpp in Sources */ = {isa = PBXBuildFile; fileRef = 4D3BA85115A3FE3F008AC145 /* BEXMLReader.cpp */; };
		4DCD495B1A195B0C00EFCF7F /* BEXMLTextReader.cpp in Sources */ = {isa = PBXBuildFile; fileRef = 4D760F7815AD50E2001A0BAF /* BEXMLTextReader.cpp */; };
		4DCD495C1A195B0C00EFCF7F /* BEXMLTextWriter.cpp in Sources */ = {isa = PBXBuildFile; fileRef = 4D760F7C15AD52C7001A0BAF /* BEXMLTextWriter.cpp */; };
		4DCD495D1A195B0C00EFCF7F /* BEXMLReaderInterface.cpp in Sources */ = {isa = PBXBuildFile; fileRef = 4D760F7F15AD648F001A0BAF /* BEXMLReaderInterface.cpp */; };
		4DCD495E1A195B0C00EFCF7F /* BETime.cpp in Sources */ = {isa = PBXBuildFile; fileRef = 4DDBA8B5164386A900CC6FD7 /* BETime.cpp */; };
		4DCD495F1A195B0C00EFCF7F /* BEJSON.cpp in Sources */ = {isa = PBXBuildFile; fileRef = 4D00CC5816D3279000160030 /* BEJSON.cpp */; };
		4DCD49601A195B0C00EFCF7F /* BEOAuth.cpp in Sources */ = {isa = PBXBuildFile; fileRef = 4D13006616DADD8A0075FE0C /* BEOAuth.cpp */; };
		4DCD49611A195B0C00EFCF7F /* BECppUtilities.cpp in Sources */ = {isa = PBXBuildFile; fileRef = 4DD3E8FB16DD6DA300DC0070 /* BECppUtilities.cpp */; };
		4DCD49621A195B0C00EFCF7F /* ProgressDialogWindowController.m in Sources */ = {isa = PBXBuildFile; fileRef = 4DD613F116FBBACF00C25A3E /* ProgressDialogWindowController.m */; };
		4DCD49631A195B0C00EFCF7F /* BECurlOption.cpp in Sources */ = {isa = PBXBuildFile; fileRef = 4DCCE05C170BC61D00835D21 /* BECurlOption.cpp */; };
		4DCD49641A195B0C00EFCF7F /* BEFileTextReader.cpp in Sources */ = {isa = PBXBuildFile; fileRef = 4D35117A17E1314A00AEDF01 /* BEFileTextReader.cpp */; };
		4DCD49651A195B0C00EFCF7F /* BESMTPEmailMessage.cpp in Sources */ = {isa = PBXBuildFile; fileRef = 4D0BA9B018BEF74D00F8FD45 /* BESMTPEmailMessage.cpp */; };
		4DCD49661A195B0C00EFCF7F /* BEBase64.cpp in Sources */ = {isa = PBXBuildFile; fileRef = 4D3969C918DA773900DFC47A /* BEBase64.cpp */; };
		4DCD49691A195B0C00EFCF7F /* BaseElements.strings in Resources */ = {isa = PBXBuildFile; fileRef = 4D7FCA5C11E9308B0047A453 /* BaseElements.strings */; };
		4DCD49711A195B0C00EFCF7F /* Cocoa.framework in Frameworks */ = {isa = PBXBuildFile; fileRef = 4D27C3851861160000E7F4A1 /* Cocoa.framework */; };
		4DFDF4931BF9994000B4C7C4 /* BEPluginVersion.strings in Resources */ = {isa = PBXBuildFile; fileRef = 4DFDF4921BF9994000B4C7C4 /* BEPluginVersion.strings */; };
/* End PBXBuildFile section */

/* Begin PBXFileReference section */
		4D0023E213FDD64C00C0B57A /* BEShell.cpp */ = {isa = PBXFileReference; fileEncoding = 4; lastKnownFileType = sourcecode.cpp.cpp; name = BEShell.cpp; path = ../Source/BEShell.cpp; sourceTree = SOURCE_ROOT; };
		4D0023E313FDD64C00C0B57A /* BEShell.h */ = {isa = PBXFileReference; fileEncoding = 4; lastKnownFileType = sourcecode.c.h; name = BEShell.h; path = ../Source/BEShell.h; sourceTree = SOURCE_ROOT; };
		4D00CC5816D3279000160030 /* BEJSON.cpp */ = {isa = PBXFileReference; fileEncoding = 4; lastKnownFileType = sourcecode.cpp.cpp; name = BEJSON.cpp; path = ../Source/BEJSON.cpp; sourceTree = "<group>"; };
		4D00CC5916D3279000160030 /* BEJSON.h */ = {isa = PBXFileReference; fileEncoding = 4; lastKnownFileType = sourcecode.c.h; name = BEJSON.h; path = ../Source/BEJSON.h; sourceTree = "<group>"; };
		4D00CC6516D3357C00160030 /* AppKit.framework */ = {isa = PBXFileReference; lastKnownFileType = wrapper.framework; name = AppKit.framework; path = Library/Frameworks/AppKit.framework; sourceTree = SDKROOT; };
		4D00CC6616D3357C00160030 /* CoreData.framework */ = {isa = PBXFileReference; lastKnownFileType = wrapper.framework; name = CoreData.framework; path = Library/Frameworks/CoreData.framework; sourceTree = SDKROOT; };
		4D00CC6716D3357C00160030 /* Foundation.framework */ = {isa = PBXFileReference; lastKnownFileType = wrapper.framework; name = Foundation.framework; path = Library/Frameworks/Foundation.framework; sourceTree = SDKROOT; };
		4D05792C1B3B83550000585F /* FMWrapper.framework */ = {isa = PBXFileReference; lastKnownFileType = wrapper.framework; name = FMWrapper.framework; path = ../Libraries/osx/FMWrapper.framework; sourceTree = "<group>"; };
		4D05792D1B3B83550000585F /* libcurl.a */ = {isa = PBXFileReference; lastKnownFileType = archive.ar; name = libcurl.a; path = ../Libraries/osx/libcurl.a; sourceTree = "<group>"; };
		4D05792E1B3B83550000585F /* libjansson.a */ = {isa = PBXFileReference; lastKnownFileType = archive.ar; name = libjansson.a; path = ../Libraries/osx/libjansson.a; sourceTree = "<group>"; };
		4D05792F1B3B83550000585F /* libmimetic.a */ = {isa = PBXFileReference; lastKnownFileType = archive.ar; name = libmimetic.a; path = ../Libraries/osx/libmimetic.a; sourceTree = "<group>"; };
		4D0579301B3B83550000585F /* liboauth.a */ = {isa = PBXFileReference; lastKnownFileType = archive.ar; name = liboauth.a; path = ../Libraries/osx/liboauth.a; sourceTree = "<group>"; };
		4D0579311B3B83550000585F /* libssh2.a */ = {isa = PBXFileReference; lastKnownFileType = archive.ar; name = libssh2.a; path = ../Libraries/osx/libssh2.a; sourceTree = "<group>"; };
		4D0579321B3B83550000585F /* libxerces-c.a */ = {isa = PBXFileReference; lastKnownFileType = archive.ar; name = "libxerces-c.a"; path = "../Libraries/osx/libxerces-c.a"; sourceTree = "<group>"; };
		4D0BA9B018BEF74D00F8FD45 /* BESMTPEmailMessage.cpp */ = {isa = PBXFileReference; fileEncoding = 4; lastKnownFileType = sourcecode.cpp.cpp; name = BESMTPEmailMessage.cpp; path = ../Source/BESMTPEmailMessage.cpp; sourceTree = "<group>"; };
		4D0BA9B118BEF74D00F8FD45 /* BESMTPEmailMessage.h */ = {isa = PBXFileReference; fileEncoding = 4; lastKnownFileType = sourcecode.c.h; name = BESMTPEmailMessage.h; path = ../Source/BESMTPEmailMessage.h; sourceTree = "<group>"; };
		4D0E29621B3A6C1000A35298 /* libboost_date_time.a */ = {isa = PBXFileReference; lastKnownFileType = archive.ar; name = libboost_date_time.a; path = ../Libraries/osx/libboost_date_time.a; sourceTree = "<group>"; };
		4D0E29631B3A6C1000A35298 /* libboost_filesystem.a */ = {isa = PBXFileReference; lastKnownFileType = archive.ar; name = libboost_filesystem.a; path = ../Libraries/osx/libboost_filesystem.a; sourceTree = "<group>"; };
		4D0E29641B3A6C1000A35298 /* libboost_regex.a */ = {isa = PBXFileReference; lastKnownFileType = archive.ar; name = libboost_regex.a; path = ../Libraries/osx/libboost_regex.a; sourceTree = "<group>"; };
		4D0E29651B3A6C1000A35298 /* libboost_system.a */ = {isa = PBXFileReference; lastKnownFileType = archive.ar; name = libboost_system.a; path = ../Libraries/osx/libboost_system.a; sourceTree = "<group>"; };
		4D0E29661B3A6C1000A35298 /* libboost_thread.a */ = {isa = PBXFileReference; lastKnownFileType = archive.ar; name = libboost_thread.a; path = ../Libraries/osx/libboost_thread.a; sourceTree = "<group>"; };
		4D0E29671B3A6C1000A35298 /* libPocoFoundation.a */ = {isa = PBXFileReference; lastKnownFileType = archive.ar; name = libPocoFoundation.a; path = ../Libraries/osx/libPocoFoundation.a; sourceTree = "<group>"; };
		4D0E29681B3A6C1000A35298 /* libPocoZip.a */ = {isa = PBXFileReference; lastKnownFileType = archive.ar; name = libPocoZip.a; path = ../Libraries/osx/libPocoZip.a; sourceTree = "<group>"; };
		4D0E29691B3A6C1000A35298 /* libturbojpeg.a */ = {isa = PBXFileReference; lastKnownFileType = archive.ar; name = libturbojpeg.a; path = ../Libraries/osx/libturbojpeg.a; sourceTree = "<group>"; };
		4D10AD931484202000814440 /* BESQLCommand.cpp */ = {isa = PBXFileReference; fileEncoding = 4; lastKnownFileType = sourcecode.cpp.cpp; name = BESQLCommand.cpp; path = ../Source/BESQLCommand.cpp; sourceTree = SOURCE_ROOT; };
		4D10AD941484202000814440 /* BESQLCommand.h */ = {isa = PBXFileReference; fileEncoding = 4; lastKnownFileType = sourcecode.c.h; name = BESQLCommand.h; path = ../Source/BESQLCommand.h; sourceTree = SOURCE_ROOT; };
		4D13006616DADD8A0075FE0C /* BEOAuth.cpp */ = {isa = PBXFileReference; fileEncoding = 4; lastKnownFileType = sourcecode.cpp.cpp; name = BEOAuth.cpp; path = ../Source/BEOAuth.cpp; sourceTree = "<group>"; };
		4D13006716DADD8A0075FE0C /* BEOAuth.h */ = {isa = PBXFileReference; fileEncoding = 4; lastKnownFileType = sourcecode.c.h; name = BEOAuth.h; path = ../Source/BEOAuth.h; sourceTree = "<group>"; };
		4D145DDB1C44BCAF00C9FF3E /* libgcrypt.a */ = {isa = PBXFileReference; lastKnownFileType = archive.ar; name = libgcrypt.a; path = ../Libraries/osx/libgcrypt.a; sourceTree = "<group>"; };
		4D145DDC1C44BCAF00C9FF3E /* libgpg-error.a */ = {isa = PBXFileReference; lastKnownFileType = archive.ar; name = "libgpg-error.a"; path = "../Libraries/osx/libgpg-error.a"; sourceTree = "<group>"; };
		4D156AE1135D8BC2001A249B /* BEMessageDigest.h */ = {isa = PBXFileReference; fileEncoding = 4; lastKnownFileType = sourcecode.c.h; name = BEMessageDigest.h; path = ../Source/Crypto/BEMessageDigest.h; sourceTree = SOURCE_ROOT; };
		4D156AE2135D8BC2001A249B /* BEMessageDigest.cpp */ = {isa = PBXFileReference; fileEncoding = 4; lastKnownFileType = sourcecode.cpp.cpp; name = BEMessageDigest.cpp; path = ../Source/Crypto/BEMessageDigest.cpp; sourceTree = SOURCE_ROOT; };
		4D27C3851861160000E7F4A1 /* Cocoa.framework */ = {isa = PBXFileReference; lastKnownFileType = wrapper.framework; name = Cocoa.framework; path = System/Library/Frameworks/Cocoa.framework; sourceTree = SDKROOT; };
		4D2C4EAA1B7C774D00760408 /* BERegularExpression.h */ = {isa = PBXFileReference; lastKnownFileType = sourcecode.c.h; name = BERegularExpression.h; path = ../Source/BERegularExpression.h; sourceTree = "<group>"; };
		4D35117A17E1314A00AEDF01 /* BEFileTextReader.cpp */ = {isa = PBXFileReference; fileEncoding = 4; lastKnownFileType = sourcecode.cpp.cpp; name = BEFileTextReader.cpp; path = ../Source/BEFileTextReader.cpp; sourceTree = "<group>"; };
		4D35117B17E1314A00AEDF01 /* BEFileTextReader.h */ = {isa = PBXFileReference; fileEncoding = 4; lastKnownFileType = sourcecode.c.h; name = BEFileTextReader.h; path = ../Source/BEFileTextReader.h; sourceTree = "<group>"; };
		4D35A7421C8D29CB00D6A353 /* BEFMS.cpp */ = {isa = PBXFileReference; fileEncoding = 4; lastKnownFileType = sourcecode.cpp.cpp; name = BEFMS.cpp; path = ../Source/BEFMS.cpp; sourceTree = "<group>"; };
		4D35A7431C8D29CB00D6A353 /* BEFMS.h */ = {isa = PBXFileReference; fileEncoding = 4; lastKnownFileType = sourcecode.c.h; name = BEFMS.h; path = ../Source/BEFMS.h; sourceTree = "<group>"; };
		4D37E0B11339CF080084730B /* BECurl.cpp */ = {isa = PBXFileReference; fileEncoding = 4; lastKnownFileType = sourcecode.cpp.cpp; name = BECurl.cpp; path = ../Source/BECurl.cpp; sourceTree = SOURCE_ROOT; };
		4D37E0B21339CF080084730B /* BECurl.h */ = {isa = PBXFileReference; fileEncoding = 4; lastKnownFileType = sourcecode.c.h; name = BECurl.h; path = ../Source/BECurl.h; sourceTree = SOURCE_ROOT; };
		4D3969C618DA54CA00DFC47A /* BEOpenSSLAES.cpp */ = {isa = PBXFileReference; fileEncoding = 4; lastKnownFileType = sourcecode.cpp.cpp; path = BEOpenSSLAES.cpp; sourceTree = "<group>"; };
		4D3969C718DA54CA00DFC47A /* BEOpenSSLAES.h */ = {isa = PBXFileReference; fileEncoding = 4; lastKnownFileType = sourcecode.c.h; path = BEOpenSSLAES.h; sourceTree = "<group>"; };
		4D3969C918DA773900DFC47A /* BEBase64.cpp */ = {isa = PBXFileReference; fileEncoding = 4; lastKnownFileType = sourcecode.cpp.cpp; name = BEBase64.cpp; path = ../Source/BEBase64.cpp; sourceTree = "<group>"; };
		4D3969CA18DA773900DFC47A /* BEBase64.h */ = {isa = PBXFileReference; fileEncoding = 4; lastKnownFileType = sourcecode.c.h; name = BEBase64.h; path = ../Source/BEBase64.h; sourceTree = "<group>"; };
		4D3BA85115A3FE3F008AC145 /* BEXMLReader.cpp */ = {isa = PBXFileReference; fileEncoding = 4; lastKnownFileType = sourcecode.cpp.cpp; name = BEXMLReader.cpp; path = ../Source/BEXMLReader.cpp; sourceTree = "<group>"; };
		4D3BA85315A3FE59008AC145 /* BEXMLReader.h */ = {isa = PBXFileReference; lastKnownFileType = sourcecode.c.h; name = BEXMLReader.h; path = ../Source/BEXMLReader.h; sourceTree = "<group>"; };
		4D4153A5120140AF00770E14 /* BEWStringVector.cpp */ = {isa = PBXFileReference; fileEncoding = 4; lastKnownFileType = sourcecode.cpp.cpp; name = BEWStringVector.cpp; path = ../Source/BEWStringVector.cpp; sourceTree = SOURCE_ROOT; };
		4D4153A6120140AF00770E14 /* BEWStringVector.h */ = {isa = PBXFileReference; fileEncoding = 4; lastKnownFileType = sourcecode.c.h; name = BEWStringVector.h; path = ../Source/BEWStringVector.h; sourceTree = SOURCE_ROOT; };
		4D4C066C1C23B372006899FE /* libxml2.tbd */ = {isa = PBXFileReference; lastKnownFileType = "sourcecode.text-based-dylib-definition"; name = libxml2.tbd; path = usr/lib/libxml2.tbd; sourceTree = SDKROOT; };
		4D4C066E1C23B37E006899FE /* libz.tbd */ = {isa = PBXFileReference; lastKnownFileType = "sourcecode.text-based-dylib-definition"; name = libz.tbd; path = usr/lib/libz.tbd; sourceTree = SDKROOT; };
		4D4C06701C23B389006899FE /* libiconv.tbd */ = {isa = PBXFileReference; lastKnownFileType = "sourcecode.text-based-dylib-definition"; name = libiconv.tbd; path = usr/lib/libiconv.tbd; sourceTree = SDKROOT; };
		4D4C06721C23B39B006899FE /* libexslt.tbd */ = {isa = PBXFileReference; lastKnownFileType = "sourcecode.text-based-dylib-definition"; name = libexslt.tbd; path = usr/lib/libexslt.tbd; sourceTree = SDKROOT; };
		4D4C06731C23B39B006899FE /* libxslt.tbd */ = {isa = PBXFileReference; lastKnownFileType = "sourcecode.text-based-dylib-definition"; name = libxslt.tbd; path = usr/lib/libxslt.tbd; sourceTree = SDKROOT; };
		4D4C06761C23B3A9006899FE /* libcharset.tbd */ = {isa = PBXFileReference; lastKnownFileType = "sourcecode.text-based-dylib-definition"; name = libcharset.tbd; path = usr/lib/libcharset.tbd; sourceTree = SDKROOT; };
		4D4C06781C23B3B6006899FE /* libldap.tbd */ = {isa = PBXFileReference; lastKnownFileType = "sourcecode.text-based-dylib-definition"; name = libldap.tbd; path = usr/lib/libldap.tbd; sourceTree = SDKROOT; };
		4D4C067B1C23CE0D006899FE /* libexslt.a */ = {isa = PBXFileReference; lastKnownFileType = archive.ar; name = libexslt.a; path = ../Libraries/osx/libexslt.a; sourceTree = "<group>"; };
		4D4C067C1C23CE0D006899FE /* libxslt.a */ = {isa = PBXFileReference; lastKnownFileType = archive.ar; name = libxslt.a; path = ../Libraries/osx/libxslt.a; sourceTree = "<group>"; };
		4D55C63815EE0F0A008F7FBA /* Carbon.framework */ = {isa = PBXFileReference; lastKnownFileType = wrapper.framework; name = Carbon.framework; path = System/Library/Frameworks/Carbon.framework; sourceTree = SDKROOT; };
		4D55D9451462598D00EE1241 /* BE_Boost_FileSystem_Additions.hpp */ = {isa = PBXFileReference; fileEncoding = 4; lastKnownFileType = sourcecode.cpp.h; name = BE_Boost_FileSystem_Additions.hpp; path = ../Source/BE_Boost_FileSystem_Additions.hpp; sourceTree = SOURCE_ROOT; };
		4D59DAFA16F95E2400F87180 /* BEValueList.h */ = {isa = PBXFileReference; fileEncoding = 4; lastKnownFileType = sourcecode.c.h; name = BEValueList.h; path = ../Source/BEValueList.h; sourceTree = "<group>"; };
		4D668AA31A36BC8900D14592 /* duktape.c */ = {isa = PBXFileReference; fileEncoding = 4; lastKnownFileType = sourcecode.c.c; path = duktape.c; sourceTree = "<group>"; };
		4D668AA41A36BC8900D14592 /* duktape.h */ = {isa = PBXFileReference; fileEncoding = 4; lastKnownFileType = sourcecode.c.h; path = duktape.h; sourceTree = "<group>"; };
		4D668AA61A36BF0300D14592 /* BEJavaScript.cpp */ = {isa = PBXFileReference; fileEncoding = 4; lastKnownFileType = sourcecode.cpp.cpp; name = BEJavaScript.cpp; path = ../Source/BEJavaScript.cpp; sourceTree = "<group>"; };
		4D668AA71A36BF0300D14592 /* BEJavaScript.h */ = {isa = PBXFileReference; fileEncoding = 4; lastKnownFileType = sourcecode.c.h; name = BEJavaScript.h; path = ../Source/BEJavaScript.h; sourceTree = "<group>"; };
		4D70428613BAE5CA00DE4484 /* BEFileSystem.cpp */ = {isa = PBXFileReference; fileEncoding = 4; lastKnownFileType = sourcecode.cpp.cpp; name = BEFileSystem.cpp; path = ../Source/BEFileSystem.cpp; sourceTree = SOURCE_ROOT; };
		4D70428713BAE5CA00DE4484 /* BEFileSystem.h */ = {isa = PBXFileReference; fileEncoding = 4; lastKnownFileType = sourcecode.c.h; name = BEFileSystem.h; path = ../Source/BEFileSystem.h; sourceTree = SOURCE_ROOT; };
		4D760F7815AD50E2001A0BAF /* BEXMLTextReader.cpp */ = {isa = PBXFileReference; fileEncoding = 4; lastKnownFileType = sourcecode.cpp.cpp; name = BEXMLTextReader.cpp; path = ../Source/BEXMLTextReader.cpp; sourceTree = "<group>"; };
		4D760F7A15AD50F8001A0BAF /* BEXMLTextReader.h */ = {isa = PBXFileReference; lastKnownFileType = sourcecode.c.h; name = BEXMLTextReader.h; path = ../Source/BEXMLTextReader.h; sourceTree = "<group>"; };
		4D760F7B15AD5265001A0BAF /* BEXMLTextWriter.h */ = {isa = PBXFileReference; lastKnownFileType = sourcecode.c.h; name = BEXMLTextWriter.h; path = ../Source/BEXMLTextWriter.h; sourceTree = "<group>"; };
		4D760F7C15AD52C7001A0BAF /* BEXMLTextWriter.cpp */ = {isa = PBXFileReference; fileEncoding = 4; lastKnownFileType = sourcecode.cpp.cpp; name = BEXMLTextWriter.cpp; path = ../Source/BEXMLTextWriter.cpp; sourceTree = "<group>"; };
		4D760F7E15AD646D001A0BAF /* BEXMLReaderInterface.h */ = {isa = PBXFileReference; lastKnownFileType = sourcecode.c.h; name = BEXMLReaderInterface.h; path = ../Source/BEXMLReaderInterface.h; sourceTree = "<group>"; };
		4D760F7F15AD648F001A0BAF /* BEXMLReaderInterface.cpp */ = {isa = PBXFileReference; fileEncoding = 4; lastKnownFileType = sourcecode.cpp.cpp; name = BEXMLReaderInterface.cpp; path = ../Source/BEXMLReaderInterface.cpp; sourceTree = "<group>"; };
		4D7613811C44C52E00FC651E /* Security.framework */ = {isa = PBXFileReference; lastKnownFileType = wrapper.framework; name = Security.framework; path = System/Library/Frameworks/Security.framework; sourceTree = SDKROOT; };
		4D7613831C44C94200FC651E /* libssl.tbd */ = {isa = PBXFileReference; lastKnownFileType = "sourcecode.text-based-dylib-definition"; name = libssl.tbd; path = usr/lib/libssl.tbd; sourceTree = SDKROOT; };
		4D7613851C44C94E00FC651E /* libcrypto.tbd */ = {isa = PBXFileReference; lastKnownFileType = "sourcecode.text-based-dylib-definition"; name = libcrypto.tbd; path = usr/lib/libcrypto.tbd; sourceTree = SDKROOT; };
		4D7FCA5C11E9308B0047A453 /* BaseElements.strings */ = {isa = PBXFileReference; fileEncoding = 4; lastKnownFileType = text.plist.strings; name = BaseElements.strings; path = ../Resources/BaseElements.strings; sourceTree = SOURCE_ROOT; };
		4D7FCA5E11E9308B0047A453 /* Info.plist */ = {isa = PBXFileReference; fileEncoding = 4; lastKnownFileType = text.plist.xml; name = Info.plist; path = ../Resources/Info.plist; sourceTree = SOURCE_ROOT; };
		4D807EFE1A9C255000E27E38 /* BEImage.cpp */ = {isa = PBXFileReference; fileEncoding = 4; lastKnownFileType = sourcecode.cpp.cpp; name = BEImage.cpp; path = ../Source/Images/BEImage.cpp; sourceTree = "<group>"; };
		4D807EFF1A9C255000E27E38 /* BEImage.h */ = {isa = PBXFileReference; fileEncoding = 4; lastKnownFileType = sourcecode.c.h; name = BEImage.h; path = ../Source/Images/BEImage.h; sourceTree = "<group>"; };
		4D807F021A9C27AB00E27E38 /* BEJPEG.cpp */ = {isa = PBXFileReference; fileEncoding = 4; lastKnownFileType = sourcecode.cpp.cpp; name = BEJPEG.cpp; path = ../Source/Images/BEJPEG.cpp; sourceTree = "<group>"; };
		4D807F031A9C27AB00E27E38 /* BEJPEG.h */ = {isa = PBXFileReference; fileEncoding = 4; lastKnownFileType = sourcecode.c.h; name = BEJPEG.h; path = ../Source/Images/BEJPEG.h; sourceTree = "<group>"; };
		4D8824E511E93F6000F94475 /* BEPluginUtilities.cpp */ = {isa = PBXFileReference; fileEncoding = 4; lastKnownFileType = sourcecode.cpp.cpp; name = BEPluginUtilities.cpp; path = ../Source/BEPluginUtilities.cpp; sourceTree = SOURCE_ROOT; };
		4D8824E611E93F6000F94475 /* BEPluginUtilities.h */ = {isa = PBXFileReference; fileEncoding = 4; lastKnownFileType = sourcecode.c.h; name = BEPluginUtilities.h; path = ../Source/BEPluginUtilities.h; sourceTree = SOURCE_ROOT; };
		4D8D8E141B167A2C005FEBD3 /* BEQuadChar.cpp */ = {isa = PBXFileReference; fileEncoding = 4; lastKnownFileType = sourcecode.cpp.cpp; name = BEQuadChar.cpp; path = ../Source/BEQuadChar.cpp; sourceTree = "<group>"; };
		4D8D8E151B167A2C005FEBD3 /* BEQuadChar.h */ = {isa = PBXFileReference; fileEncoding = 4; lastKnownFileType = sourcecode.c.h; name = BEQuadChar.h; path = ../Source/BEQuadChar.h; sourceTree = "<group>"; };
		4D8E64181917561D00C9F2BE /* BEPluginException.h */ = {isa = PBXFileReference; fileEncoding = 4; lastKnownFileType = sourcecode.c.h; name = BEPluginException.h; path = ../Source/BEPluginException.h; sourceTree = "<group>"; };
		4D9BD0BD1C23B27200851E74 /* libxml2.a */ = {isa = PBXFileReference; lastKnownFileType = archive.ar; name = libxml2.a; path = ../Libraries/osx/libxml2.a; sourceTree = "<group>"; };
		4D9E26CE1B29069B002F7DD3 /* BEX509.cpp */ = {isa = PBXFileReference; fileEncoding = 4; lastKnownFileType = sourcecode.cpp.cpp; path = BEX509.cpp; sourceTree = "<group>"; };
		4D9E26CF1B29069B002F7DD3 /* BEX509.h */ = {isa = PBXFileReference; fileEncoding = 4; lastKnownFileType = sourcecode.c.h; path = BEX509.h; sourceTree = "<group>"; };
		4D9E26D11B292032002F7DD3 /* BEBio.cpp */ = {isa = PBXFileReference; fileEncoding = 4; lastKnownFileType = sourcecode.cpp.cpp; path = BEBio.cpp; sourceTree = "<group>"; };
		4D9E26D21B292032002F7DD3 /* BEBio.h */ = {isa = PBXFileReference; fileEncoding = 4; lastKnownFileType = sourcecode.c.h; path = BEBio.h; sourceTree = "<group>"; };
		4D9F2DD611E934BC003D75BB /* BEMacFunctions.h */ = {isa = PBXFileReference; fileEncoding = 4; lastKnownFileType = sourcecode.c.h; name = BEMacFunctions.h; path = ../Source/BEMacFunctions.h; sourceTree = SOURCE_ROOT; };
		4D9F2DD711E934BC003D75BB /* BEMacFunctions.mm */ = {isa = PBXFileReference; fileEncoding = 4; lastKnownFileType = sourcecode.cpp.objcpp; name = BEMacFunctions.mm; path = ../Source/BEMacFunctions.mm; sourceTree = SOURCE_ROOT; };
		4D9F2DD811E934BC003D75BB /* BEPlugin.cpp */ = {isa = PBXFileReference; fileEncoding = 4; lastKnownFileType = sourcecode.cpp.cpp; name = BEPlugin.cpp; path = ../Source/BEPlugin.cpp; sourceTree = SOURCE_ROOT; };
		4D9F2DD911E934BC003D75BB /* BEPluginFunctions.cpp */ = {isa = PBXFileReference; fileEncoding = 4; lastKnownFileType = sourcecode.cpp.cpp; name = BEPluginFunctions.cpp; path = ../Source/BEPluginFunctions.cpp; sourceTree = SOURCE_ROOT; };
		4D9F2DDA11E934BC003D75BB /* BEPluginFunctions.h */ = {isa = PBXFileReference; fileEncoding = 4; lastKnownFileType = sourcecode.c.h; name = BEPluginFunctions.h; path = ../Source/BEPluginFunctions.h; sourceTree = SOURCE_ROOT; };
		4D9F2DDB11E934BC003D75BB /* BEPluginGlobalDefines.h */ = {isa = PBXFileReference; fileEncoding = 4; lastKnownFileType = sourcecode.c.h; name = BEPluginGlobalDefines.h; path = ../Source/BEPluginGlobalDefines.h; sourceTree = SOURCE_ROOT; };
		4DAC555318BDA41E00F365F5 /* BESMTP.cpp */ = {isa = PBXFileReference; fileEncoding = 4; lastKnownFileType = sourcecode.cpp.cpp; name = BESMTP.cpp; path = ../Source/BESMTP.cpp; sourceTree = "<group>"; };
		4DAC555418BDA41E00F365F5 /* BESMTP.h */ = {isa = PBXFileReference; fileEncoding = 4; lastKnownFileType = sourcecode.c.h; name = BESMTP.h; path = ../Source/BESMTP.h; sourceTree = "<group>"; };
		4DB857A11C646DF600D0192A /* BESMTPContainerAttachments.cpp */ = {isa = PBXFileReference; fileEncoding = 4; lastKnownFileType = sourcecode.cpp.cpp; name = BESMTPContainerAttachments.cpp; path = ../Source/BESMTPContainerAttachments.cpp; sourceTree = "<group>"; };
		4DB857A21C646DF600D0192A /* BESMTPContainerAttachments.h */ = {isa = PBXFileReference; fileEncoding = 4; lastKnownFileType = sourcecode.c.h; name = BESMTPContainerAttachments.h; path = ../Source/BESMTPContainerAttachments.h; sourceTree = "<group>"; };
		4DBCA98F1B7D6FBA00880836 /* libcrypto.a */ = {isa = PBXFileReference; lastKnownFileType = archive.ar; name = libcrypto.a; path = ../Libraries/osx/libcrypto.a; sourceTree = "<group>"; };
		4DBCA9901B7D6FBA00880836 /* libssl.a */ = {isa = PBXFileReference; lastKnownFileType = archive.ar; name = libssl.a; path = ../Libraries/osx/libssl.a; sourceTree = "<group>"; };
		4DC182C8144CEC0900E27CAA /* BEZlib.h */ = {isa = PBXFileReference; fileEncoding = 4; lastKnownFileType = sourcecode.c.h; name = BEZlib.h; path = ../Source/BEZlib.h; sourceTree = SOURCE_ROOT; };
		4DC182C9144CEC0900E27CAA /* BEZlib.cpp */ = {isa = PBXFileReference; fileEncoding = 4; lastKnownFileType = sourcecode.cpp.cpp; name = BEZlib.cpp; path = ../Source/BEZlib.cpp; sourceTree = SOURCE_ROOT; };
		4DCCE05C170BC61D00835D21 /* BECurlOption.cpp */ = {isa = PBXFileReference; fileEncoding = 4; lastKnownFileType = sourcecode.cpp.cpp; name = BECurlOption.cpp; path = ../Source/BECurlOption.cpp; sourceTree = "<group>"; };
		4DCCE05D170BC61D00835D21 /* BECurlOption.h */ = {isa = PBXFileReference; fileEncoding = 4; lastKnownFileType = sourcecode.c.h; name = BECurlOption.h; path = ../Source/BECurlOption.h; sourceTree = "<group>"; };
		4DCD49841A195B0C00EFCF7F /* BaseElements.fmplugin */ = {isa = PBXFileReference; explicitFileType = wrapper.cfbundle; includeInIndex = 0; path = BaseElements.fmplugin; sourceTree = BUILT_PRODUCTS_DIR; };
		4DD3E8FB16DD6DA300DC0070 /* BECppUtilities.cpp */ = {isa = PBXFileReference; fileEncoding = 4; lastKnownFileType = sourcecode.cpp.cpp; name = BECppUtilities.cpp; path = ../Source/BECppUtilities.cpp; sourceTree = "<group>"; };
		4DD3E8FC16DD6DA300DC0070 /* BECppUtilities.h */ = {isa = PBXFileReference; fileEncoding = 4; lastKnownFileType = sourcecode.c.h; name = BECppUtilities.h; path = ../Source/BECppUtilities.h; sourceTree = "<group>"; };
		4DD613EE16FBAB7C00C25A3E /* BEProgressDialog.xib */ = {isa = PBXFileReference; fileEncoding = 4; lastKnownFileType = file.xib; name = BEProgressDialog.xib; path = ../Resources/BEProgressDialog.xib; sourceTree = "<group>"; };
		4DD613F016FBBACF00C25A3E /* ProgressDialogWindowController.h */ = {isa = PBXFileReference; fileEncoding = 4; lastKnownFileType = sourcecode.c.h; name = ProgressDialogWindowController.h; path = ../Source/ProgressDialogWindowController.h; sourceTree = "<group>"; };
		4DD613F116FBBACF00C25A3E /* ProgressDialogWindowController.m */ = {isa = PBXFileReference; fileEncoding = 4; lastKnownFileType = sourcecode.c.objc; name = ProgressDialogWindowController.m; path = ../Source/ProgressDialogWindowController.m; sourceTree = "<group>"; };
		4DD780D711FFCD2500CFC8B4 /* BEFileMakerPlugin.h */ = {isa = PBXFileReference; fileEncoding = 4; lastKnownFileType = sourcecode.c.h; name = BEFileMakerPlugin.h; path = ../Source/BEFileMakerPlugin.h; sourceTree = "<group>"; };
		4DD780D811FFCD2500CFC8B4 /* BEFileMakerPlugin.cpp */ = {isa = PBXFileReference; fileEncoding = 4; lastKnownFileType = sourcecode.cpp.cpp; name = BEFileMakerPlugin.cpp; path = ../Source/BEFileMakerPlugin.cpp; sourceTree = "<group>"; };
		4DD7831E120005AE00CFC8B4 /* BEXSLT.h */ = {isa = PBXFileReference; fileEncoding = 4; lastKnownFileType = sourcecode.c.h; name = BEXSLT.h; path = ../Source/BEXSLT.h; sourceTree = "<group>"; };
		4DD7831F120005AE00CFC8B4 /* BEXSLT.cpp */ = {isa = PBXFileReference; fileEncoding = 4; lastKnownFileType = sourcecode.cpp.cpp; name = BEXSLT.cpp; path = ../Source/BEXSLT.cpp; sourceTree = "<group>"; };
		4DDBA8B5164386A900CC6FD7 /* BETime.cpp */ = {isa = PBXFileReference; fileEncoding = 4; lastKnownFileType = sourcecode.cpp.cpp; name = BETime.cpp; path = ../Source/BETime.cpp; sourceTree = "<group>"; };
		4DDBA8B6164386A900CC6FD7 /* BETime.h */ = {isa = PBXFileReference; fileEncoding = 4; lastKnownFileType = sourcecode.c.h; name = BETime.h; path = ../Source/BETime.h; sourceTree = "<group>"; };
		4DFDF48F1BF992A100B4C7C4 /* BEPluginVersion.h */ = {isa = PBXFileReference; lastKnownFileType = sourcecode.c.h; name = BEPluginVersion.h; path = ../Source/BEPluginVersion.h; sourceTree = "<group>"; };
		4DFDF4921BF9994000B4C7C4 /* BEPluginVersion.strings */ = {isa = PBXFileReference; fileEncoding = 4; lastKnownFileType = text.plist.strings; name = BEPluginVersion.strings; path = ../Resources/BEPluginVersion.strings; sourceTree = "<group>"; };
		4DFFF8B11884A0390015B531 /* BEXero.cpp */ = {isa = PBXFileReference; fileEncoding = 4; lastKnownFileType = sourcecode.cpp.cpp; name = BEXero.cpp; path = ../Source/BEXero.cpp; sourceTree = "<group>"; };
		4DFFF8B21884A0390015B531 /* BEXero.h */ = {isa = PBXFileReference; fileEncoding = 4; lastKnownFileType = sourcecode.c.h; name = BEXero.h; path = ../Source/BEXero.h; sourceTree = "<group>"; };
/* End PBXFileReference section */

/* Begin PBXFrameworksBuildPhase section */
		4DCD496B1A195B0C00EFCF7F /* Frameworks */ = {
			isa = PBXFrameworksBuildPhase;
			buildActionMask = 2147483647;
			files = (
				4D7613871C460D7300FC651E /* Security.framework in Frameworks */,
				4D7613861C44C94E00FC651E /* libcrypto.tbd in Frameworks */,
				4D7613841C44C94200FC651E /* libssl.tbd in Frameworks */,
				4D145DDD1C44BCAF00C9FF3E /* libgcrypt.a in Frameworks */,
				4D145DDE1C44BCAF00C9FF3E /* libgpg-error.a in Frameworks */,
				4D4C067D1C23CE0D006899FE /* libexslt.a in Frameworks */,
				4D4C067E1C23CE0D006899FE /* libxslt.a in Frameworks */,
				4D4C067A1C23CE0D006899FE /* libxml2.a in Frameworks */,
				4D4C06791C23B3B6006899FE /* libldap.tbd in Frameworks */,
				4D4C06771C23B3A9006899FE /* libcharset.tbd in Frameworks */,
				4D4C06711C23B389006899FE /* libiconv.tbd in Frameworks */,
				4D4C066F1C23B37E006899FE /* libz.tbd in Frameworks */,
				4D0579331B3B83550000585F /* FMWrapper.framework in Frameworks */,
				4D0579341B3B83550000585F /* libcurl.a in Frameworks */,
				4D0579351B3B83550000585F /* libjansson.a in Frameworks */,
				4D0579361B3B83550000585F /* libmimetic.a in Frameworks */,
				4D0579371B3B83550000585F /* liboauth.a in Frameworks */,
				4D0579381B3B83550000585F /* libssh2.a in Frameworks */,
				4D0579391B3B83550000585F /* libxerces-c.a in Frameworks */,
				4D0E296A1B3A6C1000A35298 /* libboost_date_time.a in Frameworks */,
				4D0E296B1B3A6C1000A35298 /* libboost_filesystem.a in Frameworks */,
				4D0E296C1B3A6C1000A35298 /* libboost_regex.a in Frameworks */,
				4D0E296D1B3A6C1000A35298 /* libboost_system.a in Frameworks */,
				4D0E296E1B3A6C1000A35298 /* libboost_thread.a in Frameworks */,
				4D0E296F1B3A6C1000A35298 /* libPocoFoundation.a in Frameworks */,
				4D0E29701B3A6C1000A35298 /* libPocoZip.a in Frameworks */,
				4D0E29711B3A6C1000A35298 /* libturbojpeg.a in Frameworks */,
				4DCD49711A195B0C00EFCF7F /* Cocoa.framework in Frameworks */,
			);
			runOnlyForDeploymentPostprocessing = 0;
		};
/* End PBXFrameworksBuildPhase section */

/* Begin PBXGroup section */
		4D00CC6416D3357C00160030 /* Other Frameworks */ = {
			isa = PBXGroup;
			children = (
				4D00CC6516D3357C00160030 /* AppKit.framework */,
				4D00CC6616D3357C00160030 /* CoreData.framework */,
				4D00CC6716D3357C00160030 /* Foundation.framework */,
			);
			name = "Other Frameworks";
			sourceTree = "<group>";
		};
		4D668AA21A36BC8900D14592 /* duktape */ = {
			isa = PBXGroup;
			children = (
				4D668AA31A36BC8900D14592 /* duktape.c */,
				4D668AA41A36BC8900D14592 /* duktape.h */,
			);
			name = duktape;
			path = ../Source/duktape;
			sourceTree = "<group>";
		};
		4D807F011A9C256100E27E38 /* Images */ = {
			isa = PBXGroup;
			children = (
				4D807EFE1A9C255000E27E38 /* BEImage.cpp */,
				4D807EFF1A9C255000E27E38 /* BEImage.h */,
				4D807F021A9C27AB00E27E38 /* BEJPEG.cpp */,
				4D807F031A9C27AB00E27E38 /* BEJPEG.h */,
			);
			name = Images;
			sourceTree = "<group>";
		};
		4D9E26CD1B2905D4002F7DD3 /* Crypto */ = {
			isa = PBXGroup;
			children = (
				4D3969C718DA54CA00DFC47A /* BEOpenSSLAES.h */,
				4D3969C618DA54CA00DFC47A /* BEOpenSSLAES.cpp */,
				4D156AE1135D8BC2001A249B /* BEMessageDigest.h */,
				4D156AE2135D8BC2001A249B /* BEMessageDigest.cpp */,
				4D9E26CE1B29069B002F7DD3 /* BEX509.cpp */,
				4D9E26CF1B29069B002F7DD3 /* BEX509.h */,
				4D9E26D11B292032002F7DD3 /* BEBio.cpp */,
				4D9E26D21B292032002F7DD3 /* BEBio.h */,
			);
			name = Crypto;
			path = ../Source/Crypto;
			sourceTree = "<group>";
		};
		4D9EEE5D118A8C9600EC9352 /* Libraries */ = {
			isa = PBXGroup;
			children = (
			);
			name = Libraries;
			sourceTree = "<group>";
		};
		4DB857A01C646B2800D0192A /* Net */ = {
			isa = PBXGroup;
			children = (
				4D37E0B21339CF080084730B /* BECurl.h */,
				4D37E0B11339CF080084730B /* BECurl.cpp */,
				4DAC555418BDA41E00F365F5 /* BESMTP.h */,
				4DAC555318BDA41E00F365F5 /* BESMTP.cpp */,
				4DCCE05D170BC61D00835D21 /* BECurlOption.h */,
				4DCCE05C170BC61D00835D21 /* BECurlOption.cpp */,
				4D0BA9B118BEF74D00F8FD45 /* BESMTPEmailMessage.h */,
				4D0BA9B018BEF74D00F8FD45 /* BESMTPEmailMessage.cpp */,
				4DB857A11C646DF600D0192A /* BESMTPContainerAttachments.cpp */,
				4DB857A21C646DF600D0192A /* BESMTPContainerAttachments.h */,
			);
			name = Net;
			sourceTree = "<group>";
		};
		C7DEDEE707E10BF3002283F3 = {
			isa = PBXGroup;
			children = (
				4D668AA21A36BC8900D14592 /* duktape */,
				C7DEDEF607E10BF3002283F3 /* Sources */,
				C7DEDEFC07E10BF3002283F3 /* Resources */,
				4D9EEE5D118A8C9600EC9352 /* Libraries */,
				C7DEDF1507E10BF4002283F3 /* Frameworks */,
				4DCD49841A195B0C00EFCF7F /* BaseElements.fmplugin */,
			);
			sourceTree = "<group>";
		};
		C7DEDEF607E10BF3002283F3 /* Sources */ = {
			isa = PBXGroup;
			children = (
				4DB857A01C646B2800D0192A /* Net */,
				4D9E26CD1B2905D4002F7DD3 /* Crypto */,
				4D10AD941484202000814440 /* BESQLCommand.h */,
				4D10AD931484202000814440 /* BESQLCommand.cpp */,
				4D8824E611E93F6000F94475 /* BEPluginUtilities.h */,
				4D8824E511E93F6000F94475 /* BEPluginUtilities.cpp */,
				4D70428713BAE5CA00DE4484 /* BEFileSystem.h */,
				4D70428613BAE5CA00DE4484 /* BEFileSystem.cpp */,
				4D9F2DD611E934BC003D75BB /* BEMacFunctions.h */,
				4D9F2DD711E934BC003D75BB /* BEMacFunctions.mm */,
				4D9F2DDA11E934BC003D75BB /* BEPluginFunctions.h */,
				4D9F2DD911E934BC003D75BB /* BEPluginFunctions.cpp */,
				4D9F2DDB11E934BC003D75BB /* BEPluginGlobalDefines.h */,
				4DFDF48F1BF992A100B4C7C4 /* BEPluginVersion.h */,
				4D9F2DD811E934BC003D75BB /* BEPlugin.cpp */,
				4DD780D711FFCD2500CFC8B4 /* BEFileMakerPlugin.h */,
				4DD780D811FFCD2500CFC8B4 /* BEFileMakerPlugin.cpp */,
				4DD7831E120005AE00CFC8B4 /* BEXSLT.h */,
				4DD7831F120005AE00CFC8B4 /* BEXSLT.cpp */,
				4D4153A6120140AF00770E14 /* BEWStringVector.h */,
				4D4153A5120140AF00770E14 /* BEWStringVector.cpp */,
				4D0023E313FDD64C00C0B57A /* BEShell.h */,
				4D0023E213FDD64C00C0B57A /* BEShell.cpp */,
				4DC182C8144CEC0900E27CAA /* BEZlib.h */,
				4DC182C9144CEC0900E27CAA /* BEZlib.cpp */,
				4D55D9451462598D00EE1241 /* BE_Boost_FileSystem_Additions.hpp */,
				4D35117B17E1314A00AEDF01 /* BEFileTextReader.h */,
				4D35117A17E1314A00AEDF01 /* BEFileTextReader.cpp */,
				4D3BA85315A3FE59008AC145 /* BEXMLReader.h */,
				4D3BA85115A3FE3F008AC145 /* BEXMLReader.cpp */,
				4D760F7A15AD50F8001A0BAF /* BEXMLTextReader.h */,
				4D760F7815AD50E2001A0BAF /* BEXMLTextReader.cpp */,
				4D760F7B15AD5265001A0BAF /* BEXMLTextWriter.h */,
				4D760F7C15AD52C7001A0BAF /* BEXMLTextWriter.cpp */,
				4D760F7E15AD646D001A0BAF /* BEXMLReaderInterface.h */,
				4D760F7F15AD648F001A0BAF /* BEXMLReaderInterface.cpp */,
				4DDBA8B6164386A900CC6FD7 /* BETime.h */,
				4DDBA8B5164386A900CC6FD7 /* BETime.cpp */,
				4D00CC5916D3279000160030 /* BEJSON.h */,
				4D00CC5816D3279000160030 /* BEJSON.cpp */,
				4D13006716DADD8A0075FE0C /* BEOAuth.h */,
				4D13006616DADD8A0075FE0C /* BEOAuth.cpp */,
				4DFFF8B21884A0390015B531 /* BEXero.h */,
				4DFFF8B11884A0390015B531 /* BEXero.cpp */,
				4DD3E8FC16DD6DA300DC0070 /* BECppUtilities.h */,
				4DD3E8FB16DD6DA300DC0070 /* BECppUtilities.cpp */,
				4D59DAFA16F95E2400F87180 /* BEValueList.h */,
				4DD613F016FBBACF00C25A3E /* ProgressDialogWindowController.h */,
				4DD613F116FBBACF00C25A3E /* ProgressDialogWindowController.m */,
				4D3969CA18DA773900DFC47A /* BEBase64.h */,
				4D3969C918DA773900DFC47A /* BEBase64.cpp */,
				4D8E64181917561D00C9F2BE /* BEPluginException.h */,
				4D668AA71A36BF0300D14592 /* BEJavaScript.h */,
				4D668AA61A36BF0300D14592 /* BEJavaScript.cpp */,
				4D807F011A9C256100E27E38 /* Images */,
				4D8D8E141B167A2C005FEBD3 /* BEQuadChar.cpp */,
				4D8D8E151B167A2C005FEBD3 /* BEQuadChar.h */,
				4D2C4EAA1B7C774D00760408 /* BERegularExpression.h */,
				4D35A7421C8D29CB00D6A353 /* BEFMS.cpp */,
				4D35A7431C8D29CB00D6A353 /* BEFMS.h */,
			);
			name = Sources;
			sourceTree = "<group>";
		};
		C7DEDEFC07E10BF3002283F3 /* Resources */ = {
			isa = PBXGroup;
			children = (
				4DFDF4921BF9994000B4C7C4 /* BEPluginVersion.strings */,
				4D7FCA5C11E9308B0047A453 /* BaseElements.strings */,
				4D7FCA5E11E9308B0047A453 /* Info.plist */,
				4DD613EE16FBAB7C00C25A3E /* BEProgressDialog.xib */,
			);
			name = Resources;
			sourceTree = "<group>";
		};
		C7DEDF1507E10BF4002283F3 /* Frameworks */ = {
			isa = PBXGroup;
			children = (
				4D7613851C44C94E00FC651E /* libcrypto.tbd */,
				4D7613831C44C94200FC651E /* libssl.tbd */,
				4D7613811C44C52E00FC651E /* Security.framework */,
				4D145DDB1C44BCAF00C9FF3E /* libgcrypt.a */,
				4D145DDC1C44BCAF00C9FF3E /* libgpg-error.a */,
				4D4C067B1C23CE0D006899FE /* libexslt.a */,
				4D4C067C1C23CE0D006899FE /* libxslt.a */,
				4D4C06781C23B3B6006899FE /* libldap.tbd */,
				4D4C06761C23B3A9006899FE /* libcharset.tbd */,
				4D4C06721C23B39B006899FE /* libexslt.tbd */,
				4D4C06731C23B39B006899FE /* libxslt.tbd */,
				4D4C06701C23B389006899FE /* libiconv.tbd */,
				4D4C066E1C23B37E006899FE /* libz.tbd */,
				4D4C066C1C23B372006899FE /* libxml2.tbd */,
				4D9BD0BD1C23B27200851E74 /* libxml2.a */,
				4DBCA98F1B7D6FBA00880836 /* libcrypto.a */,
				4DBCA9901B7D6FBA00880836 /* libssl.a */,
				4D05792C1B3B83550000585F /* FMWrapper.framework */,
				4D05792D1B3B83550000585F /* libcurl.a */,
				4D05792E1B3B83550000585F /* libjansson.a */,
				4D05792F1B3B83550000585F /* libmimetic.a */,
				4D0579301B3B83550000585F /* liboauth.a */,
				4D0579311B3B83550000585F /* libssh2.a */,
				4D0579321B3B83550000585F /* libxerces-c.a */,
				4D0E29621B3A6C1000A35298 /* libboost_date_time.a */,
				4D0E29631B3A6C1000A35298 /* libboost_filesystem.a */,
				4D0E29641B3A6C1000A35298 /* libboost_regex.a */,
				4D0E29651B3A6C1000A35298 /* libboost_system.a */,
				4D0E29661B3A6C1000A35298 /* libboost_thread.a */,
				4D0E29671B3A6C1000A35298 /* libPocoFoundation.a */,
				4D0E29681B3A6C1000A35298 /* libPocoZip.a */,
				4D0E29691B3A6C1000A35298 /* libturbojpeg.a */,
				4D27C3851861160000E7F4A1 /* Cocoa.framework */,
				4D55C63815EE0F0A008F7FBA /* Carbon.framework */,
				4D00CC6416D3357C00160030 /* Other Frameworks */,
			);
			name = Frameworks;
			sourceTree = "<group>";
		};
/* End PBXGroup section */

/* Begin PBXNativeTarget section */
		4DCD49441A195B0C00EFCF7F /* BaseElements */ = {
			isa = PBXNativeTarget;
			buildConfigurationList = 4DCD49811A195B0C00EFCF7F /* Build configuration list for PBXNativeTarget "BaseElements" */;
			buildPhases = (
				4DCD49451A195B0C00EFCF7F /* Sources */,
				4DCD49681A195B0C00EFCF7F /* Resources */,
				4DCD496B1A195B0C00EFCF7F /* Frameworks */,
			);
			buildRules = (
			);
			dependencies = (
			);
			name = BaseElements;
			productName = MacExample;
			productReference = 4DCD49841A195B0C00EFCF7F /* BaseElements.fmplugin */;
			productType = "com.apple.product-type.bundle";
		};
/* End PBXNativeTarget section */

/* Begin PBXProject section */
		C7DEDEEB07E10BF3002283F3 /* Project object */ = {
			isa = PBXProject;
			attributes = {
				LastUpgradeCheck = 0700;
				ORGANIZATIONNAME = Goya;
			};
			buildConfigurationList = 6FD50587097C3165009399BF /* Build configuration list for PBXProject "BaseElements" */;
			compatibilityVersion = "Xcode 3.2";
			developmentRegion = English;
			hasScannedForEncodings = 0;
			knownRegions = (
				English,
				Japanese,
				French,
				German,
				en,
			);
			mainGroup = C7DEDEE707E10BF3002283F3;
			productRefGroup = C7DEDEE707E10BF3002283F3;
			projectDirPath = "";
			projectRoot = "";
			targets = (
				4DCD49441A195B0C00EFCF7F /* BaseElements */,
			);
		};
/* End PBXProject section */

/* Begin PBXResourcesBuildPhase section */
		4DCD49681A195B0C00EFCF7F /* Resources */ = {
			isa = PBXResourcesBuildPhase;
			buildActionMask = 2147483647;
			files = (
				4DCD49691A195B0C00EFCF7F /* BaseElements.strings in Resources */,
				4DFDF4931BF9994000B4C7C4 /* BEPluginVersion.strings in Resources */,
				4D9CFD6F1A3FED7E008D72D1 /* BEProgressDialog.xib in Resources */,
			);
			runOnlyForDeploymentPostprocessing = 0;
		};
/* End PBXResourcesBuildPhase section */

/* Begin PBXSourcesBuildPhase section */
		4DCD49451A195B0C00EFCF7F /* Sources */ = {
			isa = PBXSourcesBuildPhase;
			buildActionMask = 2147483647;
			files = (
				4DCD49461A195B0C00EFCF7F /* BESMTP.cpp in Sources */,
				4DCD49471A195B0C00EFCF7F /* BEMacFunctions.mm in Sources */,
				4D807F001A9C255000E27E38 /* BEImage.cpp in Sources */,
				4D668AA51A36BC8900D14592 /* duktape.c in Sources */,
				4DCD49481A195B0C00EFCF7F /* BEPlugin.cpp in Sources */,
				4DCD49491A195B0C00EFCF7F /* BEXero.cpp in Sources */,
				4DCD494A1A195B0C00EFCF7F /* BEOpenSSLAES.cpp in Sources */,
				4D807F041A9C27AB00E27E38 /* BEJPEG.cpp in Sources */,
				4DCD494B1A195B0C00EFCF7F /* BEPluginFunctions.cpp in Sources */,
				4DCD494C1A195B0C00EFCF7F /* BEPluginUtilities.cpp in Sources */,
				4D668AA81A36BF0300D14592 /* BEJavaScript.cpp in Sources */,
				4DCD494D1A195B0C00EFCF7F /* BEFileMakerPlugin.cpp in Sources */,
				4DCD494E1A195B0C00EFCF7F /* BEXSLT.cpp in Sources */,
				4D8D8E161B167A2C005FEBD3 /* BEQuadChar.cpp in Sources */,
				4DCD494F1A195B0C00EFCF7F /* BEWStringVector.cpp in Sources */,
				4DCD49501A195B0C00EFCF7F /* BECurl.cpp in Sources */,
				4DCD49511A195B0C00EFCF7F /* BEMessageDigest.cpp in Sources */,
				4D35A7441C8D29CB00D6A353 /* BEFMS.cpp in Sources */,
				4DCD49521A195B0C00EFCF7F /* BEFileSystem.cpp in Sources */,
				4DCD49531A195B0C00EFCF7F /* BEShell.cpp in Sources */,
				4DCD49541A195B0C00EFCF7F /* BEZlib.cpp in Sources */,
				4DCD49591A195B0C00EFCF7F /* BESQLCommand.cpp in Sources */,
				4DCD495A1A195B0C00EFCF7F /* BEXMLReader.cpp in Sources */,
				4D9E26D01B29069B002F7DD3 /* BEX509.cpp in Sources */,
				4D9E26D31B292032002F7DD3 /* BEBio.cpp in Sources */,
				4DCD495B1A195B0C00EFCF7F /* BEXMLTextReader.cpp in Sources */,
				4DCD495C1A195B0C00EFCF7F /* BEXMLTextWriter.cpp in Sources */,
				4DCD495D1A195B0C00EFCF7F /* BEXMLReaderInterface.cpp in Sources */,
				4DCD495E1A195B0C00EFCF7F /* BETime.cpp in Sources */,
				4DCD495F1A195B0C00EFCF7F /* BEJSON.cpp in Sources */,
				4DCD49601A195B0C00EFCF7F /* BEOAuth.cpp in Sources */,
				4DCD49611A195B0C00EFCF7F /* BECppUtilities.cpp in Sources */,
				4DCD49621A195B0C00EFCF7F /* ProgressDialogWindowController.m in Sources */,
				4DCD49631A195B0C00EFCF7F /* BECurlOption.cpp in Sources */,
				4DB857A31C646DF600D0192A /* BESMTPContainerAttachments.cpp in Sources */,
				4DCD49641A195B0C00EFCF7F /* BEFileTextReader.cpp in Sources */,
				4DCD49651A195B0C00EFCF7F /* BESMTPEmailMessage.cpp in Sources */,
				4DCD49661A195B0C00EFCF7F /* BEBase64.cpp in Sources */,
			);
			runOnlyForDeploymentPostprocessing = 0;
		};
/* End PBXSourcesBuildPhase section */

/* Begin XCBuildConfiguration section */
		4DCD49821A195B0C00EFCF7F /* Release */ = {
			isa = XCBuildConfiguration;
			buildSettings = {
				ARCHS = "$(ARCHS_STANDARD_32_64_BIT)";
				CLANG_CXX_LANGUAGE_STANDARD = "compiler-default";
				CLANG_CXX_LIBRARY = "compiler-default";
				CLANG_ENABLE_OBJC_ARC = NO;
				CLANG_LINK_OBJC_RUNTIME = NO;
				COMBINE_HIDPI_IMAGES = YES;
				DEAD_CODE_STRIPPING = YES;
				DEPLOYMENT_POSTPROCESSING = YES;
				FRAMEWORK_SEARCH_PATHS = (
					"$(inherited)",
					"\"$(SRCROOT)/../Libraries\"",
					"$(SRCROOT)",
					"/Users/mark/Documents/Projects/Goya/BaseElements-Plugin/Libraries/osx",
				);
				GCC_PREPROCESSOR_DEFINITIONS_NOT_USED_IN_PRECOMPS = "";
				HEADER_SEARCH_PATHS = (
					/usr/include/libxml2/,
					/usr/include/,
				);
				INFOPLIST_FILE = ../Resources/Info.plist;
				LIBRARY_SEARCH_PATHS = (
					"$(SRCROOT)/../Libraries",
					../Libraries/osx,
					"/Users/mark/Documents/Projects/Goya/BaseElements-Plugin/Libraries/osx",
				);
				LINK_WITH_STANDARD_LIBRARIES = YES;
				MACOSX_DEPLOYMENT_TARGET = 10.7;
				ONLY_ACTIVE_ARCH = NO;
				OTHER_LDFLAGS = "";
				PRODUCT_BUNDLE_IDENTIFIER = au.com.goya.baseelements;
				PRODUCT_NAME = BaseElements;
				SCAN_ALL_SOURCE_FILES_FOR_INCLUDES = NO;
				SDKROOT = macosx;
				STRIP_INSTALLED_PRODUCT = YES;
				STRIP_STYLE = "non-global";
				TEST_AFTER_BUILD = NO;
				USER_HEADER_SEARCH_PATHS = "-isystem \"$(SRCROOT)/../Headers\" \"$(SRCROOT)/../Source\"";
				VALID_ARCHS = "i386 x86_64";
				VERSION_STRING = 3.3;
			};
			name = Release;
		};
		4DCD49831A195B0C00EFCF7F /* Debug */ = {
			isa = XCBuildConfiguration;
			buildSettings = {
				ARCHS = "$(ARCHS_STANDARD_32_64_BIT)";
				CLANG_CXX_LANGUAGE_STANDARD = "compiler-default";
				CLANG_CXX_LIBRARY = "compiler-default";
				CLANG_ENABLE_OBJC_ARC = NO;
				CLANG_LINK_OBJC_RUNTIME = NO;
				COMBINE_HIDPI_IMAGES = YES;
				CONFIGURATION_BUILD_DIR = "/Applications/FileMaker Pro 15 Advanced/Extensions/";
				DEAD_CODE_STRIPPING = YES;
				DEPLOYMENT_POSTPROCESSING = NO;
				FRAMEWORK_SEARCH_PATHS = (
					"$(inherited)",
					"\"$(SRCROOT)/../Libraries\"",
					"$(SRCROOT)",
					"/Users/mark/Documents/Projects/Goya/BaseElements-Plugin/Libraries/osx",
				);
				GCC_PREPROCESSOR_DEFINITIONS_NOT_USED_IN_PRECOMPS = "";
				HEADER_SEARCH_PATHS = (
					/usr/include/libxml2/,
					/usr/include/,
				);
				INFOPLIST_FILE = ../Resources/Info.plist;
				LIBRARY_SEARCH_PATHS = (
					"$(SRCROOT)/../Libraries",
					../Libraries/osx,
					"/Users/mark/Documents/Projects/Goya/BaseElements-Plugin/Libraries/osx",
				);
				LINK_WITH_STANDARD_LIBRARIES = YES;
				MACOSX_DEPLOYMENT_TARGET = 10.7;
				ONLY_ACTIVE_ARCH = NO;
				OTHER_LDFLAGS = "";
				PRODUCT_BUNDLE_IDENTIFIER = au.com.goya.baseelements;
				PRODUCT_NAME = BaseElements;
				SCAN_ALL_SOURCE_FILES_FOR_INCLUDES = NO;
				SDKROOT = macosx;
				SEPARATE_STRIP = NO;
				STRIP_INSTALLED_PRODUCT = YES;
				STRIP_STYLE = "non-global";
				TEST_AFTER_BUILD = NO;
				USER_HEADER_SEARCH_PATHS = "-isystem \"$(SRCROOT)/../Headers\" \"$(SRCROOT)/../Source\"";
				VALID_ARCHS = "i386 x86_64";
				VERSION_STRING = 3.3;
			};
			name = Debug;
		};
		6FD50588097C3165009399BF /* Release */ = {
			isa = XCBuildConfiguration;
			buildSettings = {
				ARCHS = "$(ARCHS_STANDARD_32_64_BIT)";
				CLANG_CXX_LANGUAGE_STANDARD = "compiler-default";
				CLANG_CXX_LIBRARY = "compiler-default";
				CLANG_WARN_CONSTANT_CONVERSION = NO;
				CLANG_WARN_IMPLICIT_SIGN_CONVERSION = NO;
				CONFIGURATION_BUILD_DIR = "$(BUILD_DIR)/$(CONFIGURATION)$(EFFECTIVE_PLATFORM_NAME)";
				DEBUG_INFORMATION_FORMAT = dwarf;
				DEPLOYMENT_POSTPROCESSING = YES;
				DSTROOT = "../Build/$(PROJECT_NAME).dst";
				FRAMEWORK_SEARCH_PATHS = (
					../Libraries,
					../Libraries/osx,
				);
				GCC_C_LANGUAGE_STANDARD = c11;
				GCC_ENABLE_SYMBOL_SEPARATION = NO;
				GCC_MODEL_TUNING = "";
				GCC_OPTIMIZATION_LEVEL = 3;
				GCC_TREAT_NONCONFORMANT_CODE_ERRORS_AS_WARNINGS = YES;
				GCC_WARN_64_TO_32_BIT_CONVERSION = YES;
				GCC_WARN_ABOUT_GLOBAL_CONSTRUCTORS = NO;
				GCC_WARN_ABOUT_MISSING_FIELD_INITIALIZERS = YES;
				GCC_WARN_ABOUT_MISSING_NEWLINE = YES;
				GCC_WARN_ABOUT_MISSING_PROTOTYPES = YES;
				GCC_WARN_ABOUT_RETURN_TYPE = YES;
				GCC_WARN_CHECK_SWITCH_STATEMENTS = YES;
				GCC_WARN_EFFECTIVE_CPLUSPLUS_VIOLATIONS = NO;
				GCC_WARN_FOUR_CHARACTER_CONSTANTS = YES;
				GCC_WARN_HIDDEN_VIRTUAL_FUNCTIONS = YES;
				GCC_WARN_INITIALIZER_NOT_FULLY_BRACKETED = YES;
				GCC_WARN_MISSING_PARENTHESES = YES;
				GCC_WARN_MULTIPLE_DEFINITION_TYPES_FOR_SELECTOR = NO;
				GCC_WARN_NON_VIRTUAL_DESTRUCTOR = YES;
				GCC_WARN_PEDANTIC = YES;
				GCC_WARN_PROTOTYPE_CONVERSION = NO;
				GCC_WARN_SHADOW = YES;
				GCC_WARN_SIGN_COMPARE = YES;
				GCC_WARN_STRICT_SELECTOR_MATCH = YES;
				GCC_WARN_UNDECLARED_SELECTOR = YES;
				GCC_WARN_UNINITIALIZED_AUTOS = YES;
				GCC_WARN_UNKNOWN_PRAGMAS = YES;
				GCC_WARN_UNUSED_FUNCTION = YES;
				GCC_WARN_UNUSED_LABEL = YES;
				GCC_WARN_UNUSED_PARAMETER = YES;
				GCC_WARN_UNUSED_VALUE = YES;
				GCC_WARN_UNUSED_VARIABLE = YES;
				GENERATE_PKGINFO_FILE = YES;
				HEADER_SEARCH_PATHS = ../Headers/;
				INFOPLIST_FILE = ../Resources/Info.plist;
				INFOPLIST_OTHER_PREPROCESSOR_FLAGS = "";
				INFOPLIST_PREFIX_HEADER = "";
				INFOPLIST_PREPROCESS = YES;
				LIBRARY_SEARCH_PATHS = (
					../Libraries,
					../Libraries/osx,
				);
				LINK_WITH_STANDARD_LIBRARIES = YES;
				MACOSX_DEPLOYMENT_TARGET = 10.7;
				OTHER_CFLAGS = (
					"-Dfopen64=fopen",
					"-Dftello64=ftello",
					"-Dfseeko64=fseeko",
					"-fno-constant-cfstrings",
				);
				OTHER_CPLUSPLUSFLAGS = (
					"-fpermissive",
					"$(OTHER_CFLAGS)",
				);
				OTHER_LDFLAGS = "-search_paths_first";
				PRODUCT_NAME = BaseElements;
				RUN_CLANG_STATIC_ANALYZER = YES;
				SCAN_ALL_SOURCE_FILES_FOR_INCLUDES = YES;
				SDKROOT = macosx;
				SEPARATE_STRIP = YES;
				STRIP_STYLE = "non-global";
				SYMROOT = ../Build;
				USER_HEADER_SEARCH_PATHS = "-isystem \"$(SRCROOT)/../Headers\" \"$(SRCROOT)/../Source\"";
				VALID_ARCHS = "i386 x86_64";
				VERSION_STRING = 3.3;
				WARNING_CFLAGS = (
					"-Wall",
					"-Wno-unknown-pragmas",
				);
				WRAPPER_EXTENSION = fmplugin;
			};
			name = Release;
		};
		6FD50589097C3165009399BF /* Debug */ = {
			isa = XCBuildConfiguration;
			buildSettings = {
				ARCHS = "$(ARCHS_STANDARD_32_64_BIT)";
				CLANG_CXX_LANGUAGE_STANDARD = "compiler-default";
				CLANG_CXX_LIBRARY = "compiler-default";
				CLANG_WARN_CONSTANT_CONVERSION = NO;
				CLANG_WARN_IMPLICIT_SIGN_CONVERSION = NO;
				DEBUG_INFORMATION_FORMAT = dwarf;
				DEPLOYMENT_POSTPROCESSING = NO;
				DSTROOT = "../Build/$(PROJECT_NAME).dst";
				ENABLE_TESTABILITY = YES;
				FRAMEWORK_SEARCH_PATHS = (
					../Libraries,
					../Libraries/osx,
				);
				GCC_C_LANGUAGE_STANDARD = c11;
				GCC_ENABLE_SYMBOL_SEPARATION = NO;
				GCC_MODEL_TUNING = "";
				GCC_OPTIMIZATION_LEVEL = 0;
				GCC_TREAT_NONCONFORMANT_CODE_ERRORS_AS_WARNINGS = YES;
				GCC_WARN_64_TO_32_BIT_CONVERSION = YES;
				GCC_WARN_ABOUT_GLOBAL_CONSTRUCTORS = NO;
				GCC_WARN_ABOUT_MISSING_FIELD_INITIALIZERS = YES;
				GCC_WARN_ABOUT_MISSING_NEWLINE = YES;
				GCC_WARN_ABOUT_MISSING_PROTOTYPES = YES;
				GCC_WARN_ABOUT_RETURN_TYPE = YES;
				GCC_WARN_CHECK_SWITCH_STATEMENTS = YES;
				GCC_WARN_EFFECTIVE_CPLUSPLUS_VIOLATIONS = NO;
				GCC_WARN_FOUR_CHARACTER_CONSTANTS = YES;
				GCC_WARN_HIDDEN_VIRTUAL_FUNCTIONS = YES;
				GCC_WARN_INITIALIZER_NOT_FULLY_BRACKETED = YES;
				GCC_WARN_MISSING_PARENTHESES = YES;
				GCC_WARN_MULTIPLE_DEFINITION_TYPES_FOR_SELECTOR = NO;
				GCC_WARN_NON_VIRTUAL_DESTRUCTOR = YES;
				GCC_WARN_PEDANTIC = YES;
				GCC_WARN_PROTOTYPE_CONVERSION = NO;
				GCC_WARN_SHADOW = YES;
				GCC_WARN_SIGN_COMPARE = YES;
				GCC_WARN_STRICT_SELECTOR_MATCH = YES;
				GCC_WARN_UNDECLARED_SELECTOR = YES;
				GCC_WARN_UNINITIALIZED_AUTOS = YES;
				GCC_WARN_UNKNOWN_PRAGMAS = YES;
				GCC_WARN_UNUSED_FUNCTION = YES;
				GCC_WARN_UNUSED_LABEL = YES;
				GCC_WARN_UNUSED_PARAMETER = YES;
				GCC_WARN_UNUSED_VALUE = YES;
				GCC_WARN_UNUSED_VARIABLE = YES;
				GENERATE_PKGINFO_FILE = YES;
				HEADER_SEARCH_PATHS = ../Headers/;
				INFOPLIST_FILE = ../Resources/Info.plist;
				INFOPLIST_OTHER_PREPROCESSOR_FLAGS = "";
				INFOPLIST_PREFIX_HEADER = "";
				INFOPLIST_PREPROCESS = YES;
				LIBRARY_SEARCH_PATHS = (
					../Libraries,
					../Libraries/osx,
				);
				LINK_WITH_STANDARD_LIBRARIES = YES;
				MACOSX_DEPLOYMENT_TARGET = 10.7;
				OTHER_CFLAGS = (
					"-Dfopen64=fopen",
					"-Dftello64=ftello",
					"-Dfseeko64=fseeko",
					"-fno-constant-cfstrings",
				);
				OTHER_CPLUSPLUSFLAGS = (
					"-fpermissive",
					"$(OTHER_CFLAGS)",
				);
				OTHER_LDFLAGS = "-search_paths_first";
				PRODUCT_NAME = BaseElements;
				RUN_CLANG_STATIC_ANALYZER = YES;
				SCAN_ALL_SOURCE_FILES_FOR_INCLUDES = YES;
				SDKROOT = macosx;
				SEPARATE_STRIP = NO;
				STRIP_STYLE = "non-global";
				SYMROOT = ../Build;
				USER_HEADER_SEARCH_PATHS = "-isystem \"$(SRCROOT)/../Headers\" \"$(SRCROOT)/../Source\"";
				VALID_ARCHS = "i386 x86_64";
				VERSION_STRING = 3.3;
				WARNING_CFLAGS = (
					"-Wall",
					"-Wno-unknown-pragmas",
				);
				WRAPPER_EXTENSION = fmplugin;
			};
			name = Debug;
		};
/* End XCBuildConfiguration section */

/* Begin XCConfigurationList section */
		4DCD49811A195B0C00EFCF7F /* Build configuration list for PBXNativeTarget "BaseElements" */ = {
			isa = XCConfigurationList;
			buildConfigurations = (
				4DCD49821A195B0C00EFCF7F /* Release */,
				4DCD49831A195B0C00EFCF7F /* Debug */,
			);
			defaultConfigurationIsVisible = 0;
			defaultConfigurationName = Release;
		};
		6FD50587097C3165009399BF /* Build configuration list for PBXProject "BaseElements" */ = {
			isa = XCConfigurationList;
			buildConfigurations = (
				6FD50588097C3165009399BF /* Release */,
				6FD50589097C3165009399BF /* Debug */,
			);
			defaultConfigurationIsVisible = 0;
			defaultConfigurationName = Release;
		};
/* End XCConfigurationList section */
	};
	rootObject = C7DEDEEB07E10BF3002283F3 /* Project object */;
}
